// !$*UTF8*$!
{
	archiveVersion = 1;
	classes = {
	};
	objectVersion = 50;
	objects = {

/* Begin PBXBuildFile section */
		9CC89F3020B423130095625C /* AppDelegate.swift in Sources */ = {isa = PBXBuildFile; fileRef = 9CC89F2F20B423130095625C /* AppDelegate.swift */; };
		9CC89F3520B423130095625C /* Main.storyboard in Resources */ = {isa = PBXBuildFile; fileRef = 9CC89F3320B423130095625C /* Main.storyboard */; };
		9CC89F3720B423140095625C /* Assets.xcassets in Resources */ = {isa = PBXBuildFile; fileRef = 9CC89F3620B423140095625C /* Assets.xcassets */; };
		9CC89F3A20B423140095625C /* LaunchScreen.storyboard in Resources */ = {isa = PBXBuildFile; fileRef = 9CC89F3820B423140095625C /* LaunchScreen.storyboard */; };
		9CC89F4520B428D80095625C /* libsqlite3.tbd in Frameworks */ = {isa = PBXBuildFile; fileRef = 9CC89F4420B428D80095625C /* libsqlite3.tbd */; };
		9CFA478320B5495C004AFD67 /* Color.swift in Sources */ = {isa = PBXBuildFile; fileRef = 9CFA478220B5495C004AFD67 /* Color.swift */; };
		9CFA47C520B54975004AFD67 /* Animation.swift in Sources */ = {isa = PBXBuildFile; fileRef = 9CFA478620B54975004AFD67 /* Animation.swift */; };
		9CFA47C620B54975004AFD67 /* Button.swift in Sources */ = {isa = PBXBuildFile; fileRef = 9CFA478820B54975004AFD67 /* Button.swift */; };
		9CFA47C720B54975004AFD67 /* ImageView.swift in Sources */ = {isa = PBXBuildFile; fileRef = 9CFA478920B54975004AFD67 /* ImageView.swift */; };
		9CFA47C820B54975004AFD67 /* CardSeparator.swift in Sources */ = {isa = PBXBuildFile; fileRef = 9CFA478B20B54975004AFD67 /* CardSeparator.swift */; };
		9CFA47C920B54975004AFD67 /* CardTable.swift in Sources */ = {isa = PBXBuildFile; fileRef = 9CFA478C20B54975004AFD67 /* CardTable.swift */; };
		9CFA47CA20B54975004AFD67 /* CardView.swift in Sources */ = {isa = PBXBuildFile; fileRef = 9CFA478D20B54975004AFD67 /* CardView.swift */; };
		9CFA47CB20B54975004AFD67 /* TableView.swift in Sources */ = {isa = PBXBuildFile; fileRef = 9CFA479020B54975004AFD67 /* TableView.swift */; };
		9CFA47CC20B54975004AFD67 /* TableViewCell.swift in Sources */ = {isa = PBXBuildFile; fileRef = 9CFA479120B54975004AFD67 /* TableViewCell.swift */; };
		9CFA47CD20B54975004AFD67 /* TableViewHeaderFooter.swift in Sources */ = {isa = PBXBuildFile; fileRef = 9CFA479220B54975004AFD67 /* TableViewHeaderFooter.swift */; };
		9CFA47CE20B54975004AFD67 /* TableViewController.swift in Sources */ = {isa = PBXBuildFile; fileRef = 9CFA479320B54975004AFD67 /* TableViewController.swift */; };
		9CFA47CF20B54975004AFD67 /* View.swift in Sources */ = {isa = PBXBuildFile; fileRef = 9CFA479420B54975004AFD67 /* View.swift */; };
		9CFA47D020B54975004AFD67 /* ViewController.swift in Sources */ = {isa = PBXBuildFile; fileRef = 9CFA479520B54975004AFD67 /* ViewController.swift */; };
		9CFA47D120B54975004AFD67 /* SQLite.swift in Sources */ = {isa = PBXBuildFile; fileRef = 9CFA479720B54975004AFD67 /* SQLite.swift */; };
		9CFA47D220B54975004AFD67 /* SQLiteProtocol.swift in Sources */ = {isa = PBXBuildFile; fileRef = 9CFA479820B54975004AFD67 /* SQLiteProtocol.swift */; };
		9CFA47D320B54975004AFD67 /* Ex_Array.swift in Sources */ = {isa = PBXBuildFile; fileRef = 9CFA479B20B54975004AFD67 /* Ex_Array.swift */; };
		9CFA47D420B54975004AFD67 /* Ex_Calendar.swift in Sources */ = {isa = PBXBuildFile; fileRef = 9CFA479C20B54975004AFD67 /* Ex_Calendar.swift */; };
		9CFA47D520B54975004AFD67 /* Ex_Date.swift in Sources */ = {isa = PBXBuildFile; fileRef = 9CFA479D20B54975004AFD67 /* Ex_Date.swift */; };
		9CFA47D620B54975004AFD67 /* Ex_DateFormatter.swift in Sources */ = {isa = PBXBuildFile; fileRef = 9CFA479E20B54975004AFD67 /* Ex_DateFormatter.swift */; };
		9CFA47D720B54975004AFD67 /* Ex_IndexPath.swift in Sources */ = {isa = PBXBuildFile; fileRef = 9CFA479F20B54975004AFD67 /* Ex_IndexPath.swift */; };
		9CFA47D820B54975004AFD67 /* Ex_Int.swift in Sources */ = {isa = PBXBuildFile; fileRef = 9CFA47A020B54975004AFD67 /* Ex_Int.swift */; };
		9CFA47D920B54975004AFD67 /* Ex_String.swift in Sources */ = {isa = PBXBuildFile; fileRef = 9CFA47A120B54975004AFD67 /* Ex_String.swift */; };
		9CFA47DA20B54975004AFD67 /* Ex_UIColor.swift in Sources */ = {isa = PBXBuildFile; fileRef = 9CFA47A320B54975004AFD67 /* Ex_UIColor.swift */; };
		9CFA47DB20B54975004AFD67 /* Ex_UIDevice.swift in Sources */ = {isa = PBXBuildFile; fileRef = 9CFA47A420B54975004AFD67 /* Ex_UIDevice.swift */; };
		9CFA47DC20B54975004AFD67 /* Ex_UIImage.swift in Sources */ = {isa = PBXBuildFile; fileRef = 9CFA47A520B54975004AFD67 /* Ex_UIImage.swift */; };
		9CFA47DD20B54975004AFD67 /* Ex_UILabel.swift in Sources */ = {isa = PBXBuildFile; fileRef = 9CFA47A620B54975004AFD67 /* Ex_UILabel.swift */; };
		9CFA47DE20B54975004AFD67 /* Ex_UIScreen.swift in Sources */ = {isa = PBXBuildFile; fileRef = 9CFA47A720B54975004AFD67 /* Ex_UIScreen.swift */; };
		9CFA47DF20B54975004AFD67 /* Ex_UIStoryboardSegue.swift in Sources */ = {isa = PBXBuildFile; fileRef = 9CFA47A820B54975004AFD67 /* Ex_UIStoryboardSegue.swift */; };
		9CFA47E020B54975004AFD67 /* Ex_UITextField.swift in Sources */ = {isa = PBXBuildFile; fileRef = 9CFA47A920B54975004AFD67 /* Ex_UITextField.swift */; };
		9CFA47E120B54975004AFD67 /* Ex_UITextView.swift in Sources */ = {isa = PBXBuildFile; fileRef = 9CFA47AA20B54975004AFD67 /* Ex_UITextView.swift */; };
		9CFA47E220B54975004AFD67 /* CalendarCell.swift in Sources */ = {isa = PBXBuildFile; fileRef = 9CFA47AD20B54975004AFD67 /* CalendarCell.swift */; };
		9CFA47E320B54975004AFD67 /* CalendarCell.xib in Resources */ = {isa = PBXBuildFile; fileRef = 9CFA47AE20B54975004AFD67 /* CalendarCell.xib */; };
		9CFA47E420B54975004AFD67 /* CalendarView.swift in Sources */ = {isa = PBXBuildFile; fileRef = 9CFA47AF20B54975004AFD67 /* CalendarView.swift */; };
		9CFA47E520B54975004AFD67 /* CalendarView.xib in Resources */ = {isa = PBXBuildFile; fileRef = 9CFA47B020B54975004AFD67 /* CalendarView.xib */; };
		9CFA47E620B54975004AFD67 /* InputTextView.swift in Sources */ = {isa = PBXBuildFile; fileRef = 9CFA47B320B54975004AFD67 /* InputTextView.swift */; };
		9CFA47E720B54975004AFD67 /* InputTextView.xib in Resources */ = {isa = PBXBuildFile; fileRef = 9CFA47B420B54975004AFD67 /* InputTextView.xib */; };
		9CFA47E820B54975004AFD67 /* InputView.swift in Sources */ = {isa = PBXBuildFile; fileRef = 9CFA47B520B54975004AFD67 /* InputView.swift */; };
		9CFA47E920B54975004AFD67 /* InputView.xib in Resources */ = {isa = PBXBuildFile; fileRef = 9CFA47B620B54975004AFD67 /* InputView.xib */; };
		9CFA47EA20B54975004AFD67 /* VarlenaInput.swift in Sources */ = {isa = PBXBuildFile; fileRef = 9CFA47B720B54975004AFD67 /* VarlenaInput.swift */; };
		9CFA47EB20B54975004AFD67 /* VarlenaInput.xib in Resources */ = {isa = PBXBuildFile; fileRef = 9CFA47B820B54975004AFD67 /* VarlenaInput.xib */; };
		9CFA47EC20B54975004AFD67 /* ProgressView.swift in Sources */ = {isa = PBXBuildFile; fileRef = 9CFA47BA20B54975004AFD67 /* ProgressView.swift */; };
		9CFA47ED20B54975004AFD67 /* RoundProgress.swift in Sources */ = {isa = PBXBuildFile; fileRef = 9CFA47BB20B54975004AFD67 /* RoundProgress.swift */; };
		9CFA47EE20B54975004AFD67 /* iDateSelector.swift in Sources */ = {isa = PBXBuildFile; fileRef = 9CFA47BD20B54975004AFD67 /* iDateSelector.swift */; };
		9CFA47EF20B54975004AFD67 /* iSelector.swift in Sources */ = {isa = PBXBuildFile; fileRef = 9CFA47BE20B54975004AFD67 /* iSelector.swift */; };
		9CFA47F020B54975004AFD67 /* iSelector.xib in Resources */ = {isa = PBXBuildFile; fileRef = 9CFA47BF20B54975004AFD67 /* iSelector.xib */; };
		9CFA47F120B54975004AFD67 /* KeyValue.swift in Sources */ = {isa = PBXBuildFile; fileRef = 9CFA47C120B54975004AFD67 /* KeyValue.swift */; };
		9CFA47F220B54975004AFD67 /* NibLoable.swift in Sources */ = {isa = PBXBuildFile; fileRef = 9CFA47C220B54975004AFD67 /* NibLoable.swift */; };
		9CFA47F320B54975004AFD67 /* Notifiable.swift in Sources */ = {isa = PBXBuildFile; fileRef = 9CFA47C320B54975004AFD67 /* Notifiable.swift */; };
		9CFA47F420B54975004AFD67 /* Operator.swift in Sources */ = {isa = PBXBuildFile; fileRef = 9CFA47C420B54975004AFD67 /* Operator.swift */; };
		9CFA47F620B54FD9004AFD67 /* Font.swift in Sources */ = {isa = PBXBuildFile; fileRef = 9CFA47F520B54FD9004AFD67 /* Font.swift */; };
		9CFA47F820B55093004AFD67 /* MainController.swift in Sources */ = {isa = PBXBuildFile; fileRef = 9CFA47F720B55093004AFD67 /* MainController.swift */; };
/* End PBXBuildFile section */

/* Begin PBXFileReference section */
		9CC89F2C20B423130095625C /* Days.app */ = {isa = PBXFileReference; explicitFileType = wrapper.application; includeInIndex = 0; path = Days.app; sourceTree = BUILT_PRODUCTS_DIR; };
		9CC89F2F20B423130095625C /* AppDelegate.swift */ = {isa = PBXFileReference; lastKnownFileType = sourcecode.swift; path = AppDelegate.swift; sourceTree = "<group>"; };
		9CC89F3420B423130095625C /* Base */ = {isa = PBXFileReference; lastKnownFileType = file.storyboard; name = Base; path = Base.lproj/Main.storyboard; sourceTree = "<group>"; };
		9CC89F3620B423140095625C /* Assets.xcassets */ = {isa = PBXFileReference; lastKnownFileType = folder.assetcatalog; path = Assets.xcassets; sourceTree = "<group>"; };
		9CC89F3920B423140095625C /* Base */ = {isa = PBXFileReference; lastKnownFileType = file.storyboard; name = Base; path = Base.lproj/LaunchScreen.storyboard; sourceTree = "<group>"; };
		9CC89F3B20B423140095625C /* Info.plist */ = {isa = PBXFileReference; lastKnownFileType = text.plist.xml; path = Info.plist; sourceTree = "<group>"; };
		9CC89F4420B428D80095625C /* libsqlite3.tbd */ = {isa = PBXFileReference; lastKnownFileType = "sourcecode.text-based-dylib-definition"; name = libsqlite3.tbd; path = usr/lib/libsqlite3.tbd; sourceTree = SDKROOT; };
		9CFA478220B5495C004AFD67 /* Color.swift */ = {isa = PBXFileReference; lastKnownFileType = sourcecode.swift; path = Color.swift; sourceTree = "<group>"; };
		9CFA478620B54975004AFD67 /* Animation.swift */ = {isa = PBXFileReference; fileEncoding = 4; lastKnownFileType = sourcecode.swift; path = Animation.swift; sourceTree = "<group>"; };
		9CFA478820B54975004AFD67 /* Button.swift */ = {isa = PBXFileReference; fileEncoding = 4; lastKnownFileType = sourcecode.swift; path = Button.swift; sourceTree = "<group>"; };
		9CFA478920B54975004AFD67 /* ImageView.swift */ = {isa = PBXFileReference; fileEncoding = 4; lastKnownFileType = sourcecode.swift; path = ImageView.swift; sourceTree = "<group>"; };
		9CFA478B20B54975004AFD67 /* CardSeparator.swift */ = {isa = PBXFileReference; fileEncoding = 4; lastKnownFileType = sourcecode.swift; path = CardSeparator.swift; sourceTree = "<group>"; };
		9CFA478C20B54975004AFD67 /* CardTable.swift */ = {isa = PBXFileReference; fileEncoding = 4; lastKnownFileType = sourcecode.swift; path = CardTable.swift; sourceTree = "<group>"; };
		9CFA478D20B54975004AFD67 /* CardView.swift */ = {isa = PBXFileReference; fileEncoding = 4; lastKnownFileType = sourcecode.swift; path = CardView.swift; sourceTree = "<group>"; };
		9CFA479020B54975004AFD67 /* TableView.swift */ = {isa = PBXFileReference; fileEncoding = 4; lastKnownFileType = sourcecode.swift; path = TableView.swift; sourceTree = "<group>"; };
		9CFA479120B54975004AFD67 /* TableViewCell.swift */ = {isa = PBXFileReference; fileEncoding = 4; lastKnownFileType = sourcecode.swift; path = TableViewCell.swift; sourceTree = "<group>"; };
		9CFA479220B54975004AFD67 /* TableViewHeaderFooter.swift */ = {isa = PBXFileReference; fileEncoding = 4; lastKnownFileType = sourcecode.swift; path = TableViewHeaderFooter.swift; sourceTree = "<group>"; };
		9CFA479320B54975004AFD67 /* TableViewController.swift */ = {isa = PBXFileReference; fileEncoding = 4; lastKnownFileType = sourcecode.swift; path = TableViewController.swift; sourceTree = "<group>"; };
		9CFA479420B54975004AFD67 /* View.swift */ = {isa = PBXFileReference; fileEncoding = 4; lastKnownFileType = sourcecode.swift; path = View.swift; sourceTree = "<group>"; };
		9CFA479520B54975004AFD67 /* ViewController.swift */ = {isa = PBXFileReference; fileEncoding = 4; lastKnownFileType = sourcecode.swift; path = ViewController.swift; sourceTree = "<group>"; };
		9CFA479720B54975004AFD67 /* SQLite.swift */ = {isa = PBXFileReference; fileEncoding = 4; lastKnownFileType = sourcecode.swift; path = SQLite.swift; sourceTree = "<group>"; };
		9CFA479820B54975004AFD67 /* SQLiteProtocol.swift */ = {isa = PBXFileReference; fileEncoding = 4; lastKnownFileType = sourcecode.swift; path = SQLiteProtocol.swift; sourceTree = "<group>"; };
		9CFA479B20B54975004AFD67 /* Ex_Array.swift */ = {isa = PBXFileReference; fileEncoding = 4; lastKnownFileType = sourcecode.swift; path = Ex_Array.swift; sourceTree = "<group>"; };
		9CFA479C20B54975004AFD67 /* Ex_Calendar.swift */ = {isa = PBXFileReference; fileEncoding = 4; lastKnownFileType = sourcecode.swift; path = Ex_Calendar.swift; sourceTree = "<group>"; };
		9CFA479D20B54975004AFD67 /* Ex_Date.swift */ = {isa = PBXFileReference; fileEncoding = 4; lastKnownFileType = sourcecode.swift; path = Ex_Date.swift; sourceTree = "<group>"; };
		9CFA479E20B54975004AFD67 /* Ex_DateFormatter.swift */ = {isa = PBXFileReference; fileEncoding = 4; lastKnownFileType = sourcecode.swift; path = Ex_DateFormatter.swift; sourceTree = "<group>"; };
		9CFA479F20B54975004AFD67 /* Ex_IndexPath.swift */ = {isa = PBXFileReference; fileEncoding = 4; lastKnownFileType = sourcecode.swift; path = Ex_IndexPath.swift; sourceTree = "<group>"; };
		9CFA47A020B54975004AFD67 /* Ex_Int.swift */ = {isa = PBXFileReference; fileEncoding = 4; lastKnownFileType = sourcecode.swift; path = Ex_Int.swift; sourceTree = "<group>"; };
		9CFA47A120B54975004AFD67 /* Ex_String.swift */ = {isa = PBXFileReference; fileEncoding = 4; lastKnownFileType = sourcecode.swift; path = Ex_String.swift; sourceTree = "<group>"; };
		9CFA47A320B54975004AFD67 /* Ex_UIColor.swift */ = {isa = PBXFileReference; fileEncoding = 4; lastKnownFileType = sourcecode.swift; path = Ex_UIColor.swift; sourceTree = "<group>"; };
		9CFA47A420B54975004AFD67 /* Ex_UIDevice.swift */ = {isa = PBXFileReference; fileEncoding = 4; lastKnownFileType = sourcecode.swift; path = Ex_UIDevice.swift; sourceTree = "<group>"; };
		9CFA47A520B54975004AFD67 /* Ex_UIImage.swift */ = {isa = PBXFileReference; fileEncoding = 4; lastKnownFileType = sourcecode.swift; path = Ex_UIImage.swift; sourceTree = "<group>"; };
		9CFA47A620B54975004AFD67 /* Ex_UILabel.swift */ = {isa = PBXFileReference; fileEncoding = 4; lastKnownFileType = sourcecode.swift; path = Ex_UILabel.swift; sourceTree = "<group>"; };
		9CFA47A720B54975004AFD67 /* Ex_UIScreen.swift */ = {isa = PBXFileReference; fileEncoding = 4; lastKnownFileType = sourcecode.swift; path = Ex_UIScreen.swift; sourceTree = "<group>"; };
		9CFA47A820B54975004AFD67 /* Ex_UIStoryboardSegue.swift */ = {isa = PBXFileReference; fileEncoding = 4; lastKnownFileType = sourcecode.swift; path = Ex_UIStoryboardSegue.swift; sourceTree = "<group>"; };
		9CFA47A920B54975004AFD67 /* Ex_UITextField.swift */ = {isa = PBXFileReference; fileEncoding = 4; lastKnownFileType = sourcecode.swift; path = Ex_UITextField.swift; sourceTree = "<group>"; };
		9CFA47AA20B54975004AFD67 /* Ex_UITextView.swift */ = {isa = PBXFileReference; fileEncoding = 4; lastKnownFileType = sourcecode.swift; path = Ex_UITextView.swift; sourceTree = "<group>"; };
		9CFA47AD20B54975004AFD67 /* CalendarCell.swift */ = {isa = PBXFileReference; fileEncoding = 4; lastKnownFileType = sourcecode.swift; path = CalendarCell.swift; sourceTree = "<group>"; };
		9CFA47AE20B54975004AFD67 /* CalendarCell.xib */ = {isa = PBXFileReference; fileEncoding = 4; lastKnownFileType = file.xib; path = CalendarCell.xib; sourceTree = "<group>"; };
		9CFA47AF20B54975004AFD67 /* CalendarView.swift */ = {isa = PBXFileReference; fileEncoding = 4; lastKnownFileType = sourcecode.swift; path = CalendarView.swift; sourceTree = "<group>"; };
		9CFA47B020B54975004AFD67 /* CalendarView.xib */ = {isa = PBXFileReference; fileEncoding = 4; lastKnownFileType = file.xib; path = CalendarView.xib; sourceTree = "<group>"; };
		9CFA47B320B54975004AFD67 /* InputTextView.swift */ = {isa = PBXFileReference; fileEncoding = 4; lastKnownFileType = sourcecode.swift; path = InputTextView.swift; sourceTree = "<group>"; };
		9CFA47B420B54975004AFD67 /* InputTextView.xib */ = {isa = PBXFileReference; fileEncoding = 4; lastKnownFileType = file.xib; path = InputTextView.xib; sourceTree = "<group>"; };
		9CFA47B520B54975004AFD67 /* InputView.swift */ = {isa = PBXFileReference; fileEncoding = 4; lastKnownFileType = sourcecode.swift; path = InputView.swift; sourceTree = "<group>"; };
		9CFA47B620B54975004AFD67 /* InputView.xib */ = {isa = PBXFileReference; fileEncoding = 4; lastKnownFileType = file.xib; path = InputView.xib; sourceTree = "<group>"; };
		9CFA47B720B54975004AFD67 /* VarlenaInput.swift */ = {isa = PBXFileReference; fileEncoding = 4; lastKnownFileType = sourcecode.swift; path = VarlenaInput.swift; sourceTree = "<group>"; };
		9CFA47B820B54975004AFD67 /* VarlenaInput.xib */ = {isa = PBXFileReference; fileEncoding = 4; lastKnownFileType = file.xib; path = VarlenaInput.xib; sourceTree = "<group>"; };
		9CFA47BA20B54975004AFD67 /* ProgressView.swift */ = {isa = PBXFileReference; fileEncoding = 4; lastKnownFileType = sourcecode.swift; path = ProgressView.swift; sourceTree = "<group>"; };
		9CFA47BB20B54975004AFD67 /* RoundProgress.swift */ = {isa = PBXFileReference; fileEncoding = 4; lastKnownFileType = sourcecode.swift; path = RoundProgress.swift; sourceTree = "<group>"; };
		9CFA47BD20B54975004AFD67 /* iDateSelector.swift */ = {isa = PBXFileReference; fileEncoding = 4; lastKnownFileType = sourcecode.swift; path = iDateSelector.swift; sourceTree = "<group>"; };
		9CFA47BE20B54975004AFD67 /* iSelector.swift */ = {isa = PBXFileReference; fileEncoding = 4; lastKnownFileType = sourcecode.swift; path = iSelector.swift; sourceTree = "<group>"; };
		9CFA47BF20B54975004AFD67 /* iSelector.xib */ = {isa = PBXFileReference; fileEncoding = 4; lastKnownFileType = file.xib; path = iSelector.xib; sourceTree = "<group>"; };
		9CFA47C120B54975004AFD67 /* KeyValue.swift */ = {isa = PBXFileReference; fileEncoding = 4; lastKnownFileType = sourcecode.swift; path = KeyValue.swift; sourceTree = "<group>"; };
		9CFA47C220B54975004AFD67 /* NibLoable.swift */ = {isa = PBXFileReference; fileEncoding = 4; lastKnownFileType = sourcecode.swift; path = NibLoable.swift; sourceTree = "<group>"; };
		9CFA47C320B54975004AFD67 /* Notifiable.swift */ = {isa = PBXFileReference; fileEncoding = 4; lastKnownFileType = sourcecode.swift; path = Notifiable.swift; sourceTree = "<group>"; };
		9CFA47C420B54975004AFD67 /* Operator.swift */ = {isa = PBXFileReference; fileEncoding = 4; lastKnownFileType = sourcecode.swift; path = Operator.swift; sourceTree = "<group>"; };
		9CFA47F520B54FD9004AFD67 /* Font.swift */ = {isa = PBXFileReference; lastKnownFileType = sourcecode.swift; path = Font.swift; sourceTree = "<group>"; };
		9CFA47F720B55093004AFD67 /* MainController.swift */ = {isa = PBXFileReference; lastKnownFileType = sourcecode.swift; path = MainController.swift; sourceTree = "<group>"; };
/* End PBXFileReference section */

/* Begin PBXFrameworksBuildPhase section */
		9CC89F2920B423130095625C /* Frameworks */ = {
			isa = PBXFrameworksBuildPhase;
			buildActionMask = 2147483647;
			files = (
				9CC89F4520B428D80095625C /* libsqlite3.tbd in Frameworks */,
			);
			runOnlyForDeploymentPostprocessing = 0;
		};
/* End PBXFrameworksBuildPhase section */

/* Begin PBXGroup section */
		9CC89F2320B423130095625C = {
			isa = PBXGroup;
			children = (
				9CC89F4220B423300095625C /* AppDelegate */,
				9CFA478420B54975004AFD67 /* Codebase */,
				9CC89F2E20B423130095625C /* Days */,
				9CC89F4120B4231F0095625C /* Resources */,
				9CC89F2D20B423130095625C /* Products */,
				9CC89F4320B428D80095625C /* Frameworks */,
			);
			sourceTree = "<group>";
		};
		9CC89F2D20B423130095625C /* Products */ = {
			isa = PBXGroup;
			children = (
				9CC89F2C20B423130095625C /* Days.app */,
			);
			name = Products;
			sourceTree = "<group>";
		};
		9CC89F2E20B423130095625C /* Days */ = {
			isa = PBXGroup;
			children = (
				9CFA478120B5494B004AFD67 /* Profile */,
			);
			path = Days;
			sourceTree = "<group>";
		};
		9CC89F4120B4231F0095625C /* Resources */ = {
			isa = PBXGroup;
			children = (
				9CC89F3320B423130095625C /* Main.storyboard */,
				9CFA47F720B55093004AFD67 /* MainController.swift */,
				9CC89F3620B423140095625C /* Assets.xcassets */,
				9CC89F3820B423140095625C /* LaunchScreen.storyboard */,
				9CC89F3B20B423140095625C /* Info.plist */,
			);
			path = Resources;
			sourceTree = "<group>";
		};
		9CC89F4220B423300095625C /* AppDelegate */ = {
			isa = PBXGroup;
			children = (
				9CC89F2F20B423130095625C /* AppDelegate.swift */,
			);
			path = AppDelegate;
			sourceTree = "<group>";
		};
		9CC89F4320B428D80095625C /* Frameworks */ = {
			isa = PBXGroup;
			children = (
				9CC89F4420B428D80095625C /* libsqlite3.tbd */,
			);
			name = Frameworks;
			sourceTree = "<group>";
		};
		9CFA478120B5494B004AFD67 /* Profile */ = {
			isa = PBXGroup;
			children = (
				9CFA478220B5495C004AFD67 /* Color.swift */,
				9CFA47F520B54FD9004AFD67 /* Font.swift */,
			);
			path = Profile;
			sourceTree = "<group>";
		};
		9CFA478420B54975004AFD67 /* Codebase */ = {
			isa = PBXGroup;
			children = (
				9CFA478520B54975004AFD67 /* Animation */,
				9CFA478720B54975004AFD67 /* BaseObjects */,
				9CFA479620B54975004AFD67 /* Database */,
				9CFA479920B54975004AFD67 /* Extensions */,
				9CFA47AB20B54975004AFD67 /* Interface */,
				9CFA47C020B54975004AFD67 /* Protocols */,
			);
			name = Codebase;
			path = ../../../Codebase/Codebase;
			sourceTree = "<group>";
		};
		9CFA478520B54975004AFD67 /* Animation */ = {
			isa = PBXGroup;
			children = (
				9CFA478620B54975004AFD67 /* Animation.swift */,
			);
			path = Animation;
			sourceTree = "<group>";
		};
		9CFA478720B54975004AFD67 /* BaseObjects */ = {
			isa = PBXGroup;
			children = (
				9CFA478820B54975004AFD67 /* Button.swift */,
				9CFA478920B54975004AFD67 /* ImageView.swift */,
				9CFA478A20B54975004AFD67 /* ScrollView */,
				9CFA478F20B54975004AFD67 /* TableView */,
				9CFA479320B54975004AFD67 /* TableViewController.swift */,
				9CFA479420B54975004AFD67 /* View.swift */,
				9CFA479520B54975004AFD67 /* ViewController.swift */,
			);
			path = BaseObjects;
			sourceTree = "<group>";
		};
		9CFA478A20B54975004AFD67 /* ScrollView */ = {
			isa = PBXGroup;
			children = (
				9CFA478B20B54975004AFD67 /* CardSeparator.swift */,
				9CFA478C20B54975004AFD67 /* CardTable.swift */,
				9CFA478D20B54975004AFD67 /* CardView.swift */,
				9CFA478E20B54975004AFD67 /* CardViews */,
			);
			path = ScrollView;
			sourceTree = "<group>";
		};
		9CFA478E20B54975004AFD67 /* CardViews */ = {
			isa = PBXGroup;
			children = (
			);
			path = CardViews;
			sourceTree = "<group>";
		};
		9CFA478F20B54975004AFD67 /* TableView */ = {
			isa = PBXGroup;
			children = (
				9CFA479020B54975004AFD67 /* TableView.swift */,
				9CFA479120B54975004AFD67 /* TableViewCell.swift */,
				9CFA479220B54975004AFD67 /* TableViewHeaderFooter.swift */,
			);
			path = TableView;
			sourceTree = "<group>";
		};
		9CFA479620B54975004AFD67 /* Database */ = {
			isa = PBXGroup;
			children = (
				9CFA479720B54975004AFD67 /* SQLite.swift */,
				9CFA479820B54975004AFD67 /* SQLiteProtocol.swift */,
			);
			path = Database;
			sourceTree = "<group>";
		};
		9CFA479920B54975004AFD67 /* Extensions */ = {
			isa = PBXGroup;
			children = (
				9CFA479A20B54975004AFD67 /* Foundation */,
				9CFA47A220B54975004AFD67 /* UIKit */,
			);
			path = Extensions;
			sourceTree = "<group>";
		};
		9CFA479A20B54975004AFD67 /* Foundation */ = {
			isa = PBXGroup;
			children = (
				9CFA479B20B54975004AFD67 /* Ex_Array.swift */,
				9CFA479C20B54975004AFD67 /* Ex_Calendar.swift */,
				9CFA479D20B54975004AFD67 /* Ex_Date.swift */,
				9CFA479E20B54975004AFD67 /* Ex_DateFormatter.swift */,
				9CFA479F20B54975004AFD67 /* Ex_IndexPath.swift */,
				9CFA47A020B54975004AFD67 /* Ex_Int.swift */,
				9CFA47A120B54975004AFD67 /* Ex_String.swift */,
			);
			path = Foundation;
			sourceTree = "<group>";
		};
		9CFA47A220B54975004AFD67 /* UIKit */ = {
			isa = PBXGroup;
			children = (
				9CFA47A320B54975004AFD67 /* Ex_UIColor.swift */,
				9CFA47A420B54975004AFD67 /* Ex_UIDevice.swift */,
				9CFA47A520B54975004AFD67 /* Ex_UIImage.swift */,
				9CFA47A620B54975004AFD67 /* Ex_UILabel.swift */,
				9CFA47A720B54975004AFD67 /* Ex_UIScreen.swift */,
				9CFA47A820B54975004AFD67 /* Ex_UIStoryboardSegue.swift */,
				9CFA47A920B54975004AFD67 /* Ex_UITextField.swift */,
				9CFA47AA20B54975004AFD67 /* Ex_UITextView.swift */,
			);
			path = UIKit;
			sourceTree = "<group>";
		};
		9CFA47AB20B54975004AFD67 /* Interface */ = {
			isa = PBXGroup;
			children = (
				9CFA47AC20B54975004AFD67 /* Calender */,
				9CFA47B120B54975004AFD67 /* Chart */,
				9CFA47B220B54975004AFD67 /* Input */,
				9CFA47B920B54975004AFD67 /* Progress */,
				9CFA47BC20B54975004AFD67 /* Selector */,
			);
			path = Interface;
			sourceTree = "<group>";
		};
		9CFA47AC20B54975004AFD67 /* Calender */ = {
			isa = PBXGroup;
			children = (
				9CFA47AD20B54975004AFD67 /* CalendarCell.swift */,
				9CFA47AE20B54975004AFD67 /* CalendarCell.xib */,
				9CFA47AF20B54975004AFD67 /* CalendarView.swift */,
				9CFA47B020B54975004AFD67 /* CalendarView.xib */,
			);
			path = Calender;
			sourceTree = "<group>";
		};
		9CFA47B120B54975004AFD67 /* Chart */ = {
			isa = PBXGroup;
			children = (
			);
			path = Chart;
			sourceTree = "<group>";
		};
		9CFA47B220B54975004AFD67 /* Input */ = {
			isa = PBXGroup;
			children = (
				9CFA47B320B54975004AFD67 /* InputTextView.swift */,
				9CFA47B420B54975004AFD67 /* InputTextView.xib */,
				9CFA47B520B54975004AFD67 /* InputView.swift */,
				9CFA47B620B54975004AFD67 /* InputView.xib */,
				9CFA47B720B54975004AFD67 /* VarlenaInput.swift */,
				9CFA47B820B54975004AFD67 /* VarlenaInput.xib */,
			);
			path = Input;
			sourceTree = "<group>";
		};
		9CFA47B920B54975004AFD67 /* Progress */ = {
			isa = PBXGroup;
			children = (
				9CFA47BA20B54975004AFD67 /* ProgressView.swift */,
				9CFA47BB20B54975004AFD67 /* RoundProgress.swift */,
			);
			path = Progress;
			sourceTree = "<group>";
		};
		9CFA47BC20B54975004AFD67 /* Selector */ = {
			isa = PBXGroup;
			children = (
				9CFA47BD20B54975004AFD67 /* iDateSelector.swift */,
				9CFA47BE20B54975004AFD67 /* iSelector.swift */,
				9CFA47BF20B54975004AFD67 /* iSelector.xib */,
			);
			path = Selector;
			sourceTree = "<group>";
		};
		9CFA47C020B54975004AFD67 /* Protocols */ = {
			isa = PBXGroup;
			children = (
				9CFA47C120B54975004AFD67 /* KeyValue.swift */,
				9CFA47C220B54975004AFD67 /* NibLoable.swift */,
				9CFA47C320B54975004AFD67 /* Notifiable.swift */,
				9CFA47C420B54975004AFD67 /* Operator.swift */,
			);
			path = Protocols;
			sourceTree = "<group>";
		};
/* End PBXGroup section */

/* Begin PBXNativeTarget section */
		9CC89F2B20B423130095625C /* Days */ = {
			isa = PBXNativeTarget;
			buildConfigurationList = 9CC89F3E20B423140095625C /* Build configuration list for PBXNativeTarget "Days" */;
			buildPhases = (
				9CC89F2820B423130095625C /* Sources */,
				9CC89F2920B423130095625C /* Frameworks */,
				9CC89F2A20B423130095625C /* Resources */,
			);
			buildRules = (
			);
			dependencies = (
			);
			name = Days;
			productName = Days;
			productReference = 9CC89F2C20B423130095625C /* Days.app */;
			productType = "com.apple.product-type.application";
		};
/* End PBXNativeTarget section */

/* Begin PBXProject section */
		9CC89F2420B423130095625C /* Project object */ = {
			isa = PBXProject;
			attributes = {
				LastSwiftUpdateCheck = 0930;
				LastUpgradeCheck = 0930;
				ORGANIZATIONNAME = Myron;
				TargetAttributes = {
					9CC89F2B20B423130095625C = {
						CreatedOnToolsVersion = 9.3;
					};
				};
			};
			buildConfigurationList = 9CC89F2720B423130095625C /* Build configuration list for PBXProject "Days" */;
			compatibilityVersion = "Xcode 9.3";
			developmentRegion = en;
			hasScannedForEncodings = 0;
			knownRegions = (
				en,
				Base,
			);
			mainGroup = 9CC89F2320B423130095625C;
			productRefGroup = 9CC89F2D20B423130095625C /* Products */;
			projectDirPath = "";
			projectRoot = "";
			targets = (
				9CC89F2B20B423130095625C /* Days */,
			);
		};
/* End PBXProject section */

/* Begin PBXResourcesBuildPhase section */
		9CC89F2A20B423130095625C /* Resources */ = {
			isa = PBXResourcesBuildPhase;
			buildActionMask = 2147483647;
			files = (
				9CC89F3A20B423140095625C /* LaunchScreen.storyboard in Resources */,
				9CC89F3720B423140095625C /* Assets.xcassets in Resources */,
				9CFA47F020B54975004AFD67 /* iSelector.xib in Resources */,
				9CFA47EB20B54975004AFD67 /* VarlenaInput.xib in Resources */,
				9CFA47E520B54975004AFD67 /* CalendarView.xib in Resources */,
				9CC89F3520B423130095625C /* Main.storyboard in Resources */,
				9CFA47E720B54975004AFD67 /* InputTextView.xib in Resources */,
				9CFA47E320B54975004AFD67 /* CalendarCell.xib in Resources */,
				9CFA47E920B54975004AFD67 /* InputView.xib in Resources */,
			);
			runOnlyForDeploymentPostprocessing = 0;
		};
/* End PBXResourcesBuildPhase section */

/* Begin PBXSourcesBuildPhase section */
		9CC89F2820B423130095625C /* Sources */ = {
			isa = PBXSourcesBuildPhase;
			buildActionMask = 2147483647;
			files = (
				9CFA47D320B54975004AFD67 /* Ex_Array.swift in Sources */,
				9CFA47CF20B54975004AFD67 /* View.swift in Sources */,
				9CFA47EA20B54975004AFD67 /* VarlenaInput.swift in Sources */,
				9CFA47DE20B54975004AFD67 /* Ex_UIScreen.swift in Sources */,
				9CFA47D820B54975004AFD67 /* Ex_Int.swift in Sources */,
				9CFA47F420B54975004AFD67 /* Operator.swift in Sources */,
				9CFA47D420B54975004AFD67 /* Ex_Calendar.swift in Sources */,
				9CFA47DA20B54975004AFD67 /* Ex_UIColor.swift in Sources */,
				9CFA47E620B54975004AFD67 /* InputTextView.swift in Sources */,
				9CFA47D120B54975004AFD67 /* SQLite.swift in Sources */,
				9CFA47E220B54975004AFD67 /* CalendarCell.swift in Sources */,
				9CFA47E120B54975004AFD67 /* Ex_UITextView.swift in Sources */,
				9CFA47DB20B54975004AFD67 /* Ex_UIDevice.swift in Sources */,
				9CFA47D720B54975004AFD67 /* Ex_IndexPath.swift in Sources */,
				9CFA47C920B54975004AFD67 /* CardTable.swift in Sources */,
				9CFA47F120B54975004AFD67 /* KeyValue.swift in Sources */,
				9CFA47E020B54975004AFD67 /* Ex_UITextField.swift in Sources */,
				9CFA47D220B54975004AFD67 /* SQLiteProtocol.swift in Sources */,
				9CFA47DC20B54975004AFD67 /* Ex_UIImage.swift in Sources */,
				9CFA47EC20B54975004AFD67 /* ProgressView.swift in Sources */,
				9CFA47D920B54975004AFD67 /* Ex_String.swift in Sources */,
				9CFA47DD20B54975004AFD67 /* Ex_UILabel.swift in Sources */,
				9CFA47F820B55093004AFD67 /* MainController.swift in Sources */,
				9CFA47E420B54975004AFD67 /* CalendarView.swift in Sources */,
				9CFA47F320B54975004AFD67 /* Notifiable.swift in Sources */,
				9CFA47C720B54975004AFD67 /* ImageView.swift in Sources */,
				9CC89F3020B423130095625C /* AppDelegate.swift in Sources */,
				9CFA47D020B54975004AFD67 /* ViewController.swift in Sources */,
				9CFA47E820B54975004AFD67 /* InputView.swift in Sources */,
				9CFA47ED20B54975004AFD67 /* RoundProgress.swift in Sources */,
				9CFA47C520B54975004AFD67 /* Animation.swift in Sources */,
				9CFA47CD20B54975004AFD67 /* TableViewHeaderFooter.swift in Sources */,
				9CFA47EF20B54975004AFD67 /* iSelector.swift in Sources */,
				9CFA47F620B54FD9004AFD67 /* Font.swift in Sources */,
				9CFA47F220B54975004AFD67 /* NibLoable.swift in Sources */,
				9CFA47CB20B54975004AFD67 /* TableView.swift in Sources */,
				9CFA47CC20B54975004AFD67 /* TableViewCell.swift in Sources */,
				9CFA47D520B54975004AFD67 /* Ex_Date.swift in Sources */,
				9CFA47CE20B54975004AFD67 /* TableViewController.swift in Sources */,
				9CFA47D620B54975004AFD67 /* Ex_DateFormatter.swift in Sources */,
				9CFA47C820B54975004AFD67 /* CardSeparator.swift in Sources */,
				9CFA47DF20B54975004AFD67 /* Ex_UIStoryboardSegue.swift in Sources */,
				9CFA478320B5495C004AFD67 /* Color.swift in Sources */,
				9CFA47CA20B54975004AFD67 /* CardView.swift in Sources */,
				9CFA47EE20B54975004AFD67 /* iDateSelector.swift in Sources */,
				9CFA47C620B54975004AFD67 /* Button.swift in Sources */,
			);
			runOnlyForDeploymentPostprocessing = 0;
		};
/* End PBXSourcesBuildPhase section */

/* Begin PBXVariantGroup section */
		9CC89F3320B423130095625C /* Main.storyboard */ = {
			isa = PBXVariantGroup;
			children = (
				9CC89F3420B423130095625C /* Base */,
			);
			name = Main.storyboard;
			sourceTree = "<group>";
		};
		9CC89F3820B423140095625C /* LaunchScreen.storyboard */ = {
			isa = PBXVariantGroup;
			children = (
				9CC89F3920B423140095625C /* Base */,
			);
			name = LaunchScreen.storyboard;
			sourceTree = "<group>";
		};
/* End PBXVariantGroup section */

/* Begin XCBuildConfiguration section */
		9CC89F3C20B423140095625C /* Debug */ = {
			isa = XCBuildConfiguration;
			buildSettings = {
				ALWAYS_SEARCH_USER_PATHS = NO;
				CLANG_ANALYZER_NONNULL = YES;
				CLANG_ANALYZER_NUMBER_OBJECT_CONVERSION = YES_AGGRESSIVE;
				CLANG_CXX_LANGUAGE_STANDARD = "gnu++14";
				CLANG_CXX_LIBRARY = "libc++";
				CLANG_ENABLE_MODULES = YES;
				CLANG_ENABLE_OBJC_ARC = YES;
				CLANG_ENABLE_OBJC_WEAK = YES;
				CLANG_WARN_BLOCK_CAPTURE_AUTORELEASING = YES;
				CLANG_WARN_BOOL_CONVERSION = YES;
				CLANG_WARN_COMMA = YES;
				CLANG_WARN_CONSTANT_CONVERSION = YES;
				CLANG_WARN_DEPRECATED_OBJC_IMPLEMENTATIONS = YES;
				CLANG_WARN_DIRECT_OBJC_ISA_USAGE = YES_ERROR;
				CLANG_WARN_DOCUMENTATION_COMMENTS = YES;
				CLANG_WARN_EMPTY_BODY = YES;
				CLANG_WARN_ENUM_CONVERSION = YES;
				CLANG_WARN_INFINITE_RECURSION = YES;
				CLANG_WARN_INT_CONVERSION = YES;
				CLANG_WARN_NON_LITERAL_NULL_CONVERSION = YES;
				CLANG_WARN_OBJC_IMPLICIT_RETAIN_SELF = YES;
				CLANG_WARN_OBJC_LITERAL_CONVERSION = YES;
				CLANG_WARN_OBJC_ROOT_CLASS = YES_ERROR;
				CLANG_WARN_RANGE_LOOP_ANALYSIS = YES;
				CLANG_WARN_STRICT_PROTOTYPES = YES;
				CLANG_WARN_SUSPICIOUS_MOVE = YES;
				CLANG_WARN_UNGUARDED_AVAILABILITY = YES_AGGRESSIVE;
				CLANG_WARN_UNREACHABLE_CODE = YES;
				CLANG_WARN__DUPLICATE_METHOD_MATCH = YES;
				CODE_SIGN_IDENTITY = "iPhone Developer";
				COPY_PHASE_STRIP = NO;
				DEBUG_INFORMATION_FORMAT = dwarf;
				ENABLE_STRICT_OBJC_MSGSEND = YES;
				ENABLE_TESTABILITY = YES;
				GCC_C_LANGUAGE_STANDARD = gnu11;
				GCC_DYNAMIC_NO_PIC = NO;
				GCC_NO_COMMON_BLOCKS = YES;
				GCC_OPTIMIZATION_LEVEL = 0;
				GCC_PREPROCESSOR_DEFINITIONS = (
					"DEBUG=1",
					"$(inherited)",
				);
				GCC_WARN_64_TO_32_BIT_CONVERSION = YES;
				GCC_WARN_ABOUT_RETURN_TYPE = YES_ERROR;
				GCC_WARN_UNDECLARED_SELECTOR = YES;
				GCC_WARN_UNINITIALIZED_AUTOS = YES_AGGRESSIVE;
				GCC_WARN_UNUSED_FUNCTION = YES;
				GCC_WARN_UNUSED_VARIABLE = YES;
				IPHONEOS_DEPLOYMENT_TARGET = 11.3;
				MTL_ENABLE_DEBUG_INFO = YES;
				ONLY_ACTIVE_ARCH = YES;
				SDKROOT = iphoneos;
				SWIFT_ACTIVE_COMPILATION_CONDITIONS = DEBUG;
				SWIFT_OPTIMIZATION_LEVEL = "-Onone";
			};
			name = Debug;
		};
		9CC89F3D20B423140095625C /* Release */ = {
			isa = XCBuildConfiguration;
			buildSettings = {
				ALWAYS_SEARCH_USER_PATHS = NO;
				CLANG_ANALYZER_NONNULL = YES;
				CLANG_ANALYZER_NUMBER_OBJECT_CONVERSION = YES_AGGRESSIVE;
				CLANG_CXX_LANGUAGE_STANDARD = "gnu++14";
				CLANG_CXX_LIBRARY = "libc++";
				CLANG_ENABLE_MODULES = YES;
				CLANG_ENABLE_OBJC_ARC = YES;
				CLANG_ENABLE_OBJC_WEAK = YES;
				CLANG_WARN_BLOCK_CAPTURE_AUTORELEASING = YES;
				CLANG_WARN_BOOL_CONVERSION = YES;
				CLANG_WARN_COMMA = YES;
				CLANG_WARN_CONSTANT_CONVERSION = YES;
				CLANG_WARN_DEPRECATED_OBJC_IMPLEMENTATIONS = YES;
				CLANG_WARN_DIRECT_OBJC_ISA_USAGE = YES_ERROR;
				CLANG_WARN_DOCUMENTATION_COMMENTS = YES;
				CLANG_WARN_EMPTY_BODY = YES;
				CLANG_WARN_ENUM_CONVERSION = YES;
				CLANG_WARN_INFINITE_RECURSION = YES;
				CLANG_WARN_INT_CONVERSION = YES;
				CLANG_WARN_NON_LITERAL_NULL_CONVERSION = YES;
				CLANG_WARN_OBJC_IMPLICIT_RETAIN_SELF = YES;
				CLANG_WARN_OBJC_LITERAL_CONVERSION = YES;
				CLANG_WARN_OBJC_ROOT_CLASS = YES_ERROR;
				CLANG_WARN_RANGE_LOOP_ANALYSIS = YES;
				CLANG_WARN_STRICT_PROTOTYPES = YES;
				CLANG_WARN_SUSPICIOUS_MOVE = YES;
				CLANG_WARN_UNGUARDED_AVAILABILITY = YES_AGGRESSIVE;
				CLANG_WARN_UNREACHABLE_CODE = YES;
				CLANG_WARN__DUPLICATE_METHOD_MATCH = YES;
				CODE_SIGN_IDENTITY = "iPhone Developer";
				COPY_PHASE_STRIP = NO;
				DEBUG_INFORMATION_FORMAT = "dwarf-with-dsym";
				ENABLE_NS_ASSERTIONS = NO;
				ENABLE_STRICT_OBJC_MSGSEND = YES;
				GCC_C_LANGUAGE_STANDARD = gnu11;
				GCC_NO_COMMON_BLOCKS = YES;
				GCC_WARN_64_TO_32_BIT_CONVERSION = YES;
				GCC_WARN_ABOUT_RETURN_TYPE = YES_ERROR;
				GCC_WARN_UNDECLARED_SELECTOR = YES;
				GCC_WARN_UNINITIALIZED_AUTOS = YES_AGGRESSIVE;
				GCC_WARN_UNUSED_FUNCTION = YES;
				GCC_WARN_UNUSED_VARIABLE = YES;
				IPHONEOS_DEPLOYMENT_TARGET = 11.3;
				MTL_ENABLE_DEBUG_INFO = NO;
				SDKROOT = iphoneos;
				SWIFT_COMPILATION_MODE = wholemodule;
				SWIFT_OPTIMIZATION_LEVEL = "-O";
				VALIDATE_PRODUCT = YES;
			};
			name = Release;
		};
		9CC89F3F20B423140095625C /* Debug */ = {
			isa = XCBuildConfiguration;
			buildSettings = {
				ASSETCATALOG_COMPILER_APPICON_NAME = AppIcon;
				CODE_SIGN_STYLE = Automatic;
				DEVELOPMENT_TEAM = 8BBKEKP879;
				INFOPLIST_FILE = "$(SRCROOT)/Resources/Info.plist";
				IPHONEOS_DEPLOYMENT_TARGET = 10.0;
				LD_RUNPATH_SEARCH_PATHS = (
					"$(inherited)",
					"@executable_path/Frameworks",
				);
				PRODUCT_BUNDLE_IDENTIFIER = myron.Days;
				PRODUCT_NAME = "$(TARGET_NAME)";
				SWIFT_VERSION = 4.0;
				TARGETED_DEVICE_FAMILY = "1,2";
			};
			name = Debug;
		};
		9CC89F4020B423140095625C /* Release */ = {
			isa = XCBuildConfiguration;
			buildSettings = {
				ASSETCATALOG_COMPILER_APPICON_NAME = AppIcon;
				CODE_SIGN_STYLE = Automatic;
				DEVELOPMENT_TEAM = 8BBKEKP879;
				INFOPLIST_FILE = "$(SRCROOT)/Resources/Info.plist";
				IPHONEOS_DEPLOYMENT_TARGET = 10.0;
				LD_RUNPATH_SEARCH_PATHS = (
					"$(inherited)",
					"@executable_path/Frameworks",
				);
				PRODUCT_BUNDLE_IDENTIFIER = myron.Days;
				PRODUCT_NAME = "$(TARGET_NAME)";
				SWIFT_VERSION = 4.0;
				TARGETED_DEVICE_FAMILY = "1,2";
			};
			name = Release;
		};
/* End XCBuildConfiguration section */

/* Begin XCConfigurationList section */
		9CC89F2720B423130095625C /* Build configuration list for PBXProject "Days" */ = {
			isa = XCConfigurationList;
			buildConfigurations = (
				9CC89F3C20B423140095625C /* Debug */,
				9CC89F3D20B423140095625C /* Release */,
			);
			defaultConfigurationIsVisible = 0;
			defaultConfigurationName = Release;
		};
		9CC89F3E20B423140095625C /* Build configuration list for PBXNativeTarget "Days" */ = {
			isa = XCConfigurationList;
			buildConfigurations = (
				9CC89F3F20B423140095625C /* Debug */,
				9CC89F4020B423140095625C /* Release */,
			);
			defaultConfigurationIsVisible = 0;
			defaultConfigurationName = Release;
		};
/* End XCConfigurationList section */
	};
	rootObject = 9CC89F2420B423130095625C /* Project object */;
}
