// !$*UTF8*$!
{
	archiveVersion = 1;
	classes = {
	};
	objectVersion = 50;
	objects = {

/* Begin PBXBuildFile section */
		9C1CA13020C937F400F08F57 /* CardStandardEditView.swift in Sources */ = {isa = PBXBuildFile; fileRef = 9C1CA12F20C937F400F08F57 /* CardStandardEditView.swift */; };
		9C1CA13220CA250400F08F57 /* BaseController.swift in Sources */ = {isa = PBXBuildFile; fileRef = 9C1CA13120CA250400F08F57 /* BaseController.swift */; };
		9C1CA13420CA2F2500F08F57 /* HabitListCollect.swift in Sources */ = {isa = PBXBuildFile; fileRef = 9C1CA13320CA2F2500F08F57 /* HabitListCollect.swift */; };
		9C1CA13620CA2F6B00F08F57 /* HabitListCollectCell.swift in Sources */ = {isa = PBXBuildFile; fileRef = 9C1CA13520CA2F6B00F08F57 /* HabitListCollectCell.swift */; };
		9C210B1120B6630300C17D35 /* KeyboardTime.swift in Sources */ = {isa = PBXBuildFile; fileRef = 9C210B1020B6630300C17D35 /* KeyboardTime.swift */; };
		9C25076220B6AFBD00EB2D13 /* HabitList.storyboard in Resources */ = {isa = PBXBuildFile; fileRef = 9C25076120B6AFBD00EB2D13 /* HabitList.storyboard */; };
		9C25076420B6B0D200EB2D13 /* HabitListController.swift in Sources */ = {isa = PBXBuildFile; fileRef = 9C25076320B6B0D200EB2D13 /* HabitListController.swift */; };
		9C25076820B6B48E00EB2D13 /* HabitListTop.swift in Sources */ = {isa = PBXBuildFile; fileRef = 9C25076720B6B48E00EB2D13 /* HabitListTop.swift */; };
		9C25076B20B6B4D600EB2D13 /* TopView.swift in Sources */ = {isa = PBXBuildFile; fileRef = 9C25076A20B6B4D600EB2D13 /* TopView.swift */; };
		9C25076D20B6B87E00EB2D13 /* HabitListEntry.swift in Sources */ = {isa = PBXBuildFile; fileRef = 9C25076C20B6B87E00EB2D13 /* HabitListEntry.swift */; };
		9C25077220B6BBEB00EB2D13 /* HabitEdit.storyboard in Resources */ = {isa = PBXBuildFile; fileRef = 9C25077120B6BBEB00EB2D13 /* HabitEdit.storyboard */; };
		9C25077420B6BBFB00EB2D13 /* HabitEditController.swift in Sources */ = {isa = PBXBuildFile; fileRef = 9C25077320B6BBFB00EB2D13 /* HabitEditController.swift */; };
		9C25077720B6BD1400EB2D13 /* CardBaseView.swift in Sources */ = {isa = PBXBuildFile; fileRef = 9C25077620B6BD1400EB2D13 /* CardBaseView.swift */; };
		9C25077920B6BD3400EB2D13 /* CardTopView.swift in Sources */ = {isa = PBXBuildFile; fileRef = 9C25077820B6BD3400EB2D13 /* CardTopView.swift */; };
		9C25077B20B6C1C300EB2D13 /* HabitEditTopCard.swift in Sources */ = {isa = PBXBuildFile; fileRef = 9C25077A20B6C1C300EB2D13 /* HabitEditTopCard.swift */; };
		9C25077D20B6C61B00EB2D13 /* Key.swift in Sources */ = {isa = PBXBuildFile; fileRef = 9C25077C20B6C61B00EB2D13 /* Key.swift */; };
		9C25077F20B6C7CD00EB2D13 /* CardCalendarView.swift in Sources */ = {isa = PBXBuildFile; fileRef = 9C25077E20B6C7CD00EB2D13 /* CardCalendarView.swift */; };
		9C25078220B6C95C00EB2D13 /* CollectionViewCell.swift in Sources */ = {isa = PBXBuildFile; fileRef = 9C25078120B6C95C00EB2D13 /* CollectionViewCell.swift */; };
		9C4B5CD920C28E5700A2CE31 /* HabitUnitListHeader.swift in Sources */ = {isa = PBXBuildFile; fileRef = 9C4B5CD820C28E5700A2CE31 /* HabitUnitListHeader.swift */; };
		9C6FA21820CD0BCB00FF2DA9 /* Timer.swift in Sources */ = {isa = PBXBuildFile; fileRef = 9C6FA21720CD0BCB00FF2DA9 /* Timer.swift */; };
		9C77E1C820B5A752002CAA25 /* KeyboardDate.swift in Sources */ = {isa = PBXBuildFile; fileRef = 9C77E1C720B5A752002CAA25 /* KeyboardDate.swift */; };
		9C77E1CA20B70589002CAA25 /* CollectionView.swift in Sources */ = {isa = PBXBuildFile; fileRef = 9C77E1C920B70589002CAA25 /* CollectionView.swift */; };
		9C86CD5920BE43DC00062853 /* Impact.swift in Sources */ = {isa = PBXBuildFile; fileRef = 9C86CD5820BE43DC00062853 /* Impact.swift */; };
		9C86CD5C20BE486400062853 /* HabitBoothController.swift in Sources */ = {isa = PBXBuildFile; fileRef = 9C86CD5B20BE486400062853 /* HabitBoothController.swift */; };
		9C86CD5E20BE486C00062853 /* HabitBooth.storyboard in Resources */ = {isa = PBXBuildFile; fileRef = 9C86CD5D20BE486C00062853 /* HabitBooth.storyboard */; };
		9C86CD6020BE4A1300062853 /* HabitBoothTopCard.swift in Sources */ = {isa = PBXBuildFile; fileRef = 9C86CD5F20BE4A1300062853 /* HabitBoothTopCard.swift */; };
		9C86CD6220BE4A2800062853 /* HabitBoothCalendarCard.swift in Sources */ = {isa = PBXBuildFile; fileRef = 9C86CD6120BE4A2800062853 /* HabitBoothCalendarCard.swift */; };
		9C86CD6420BE4B8700062853 /* HabitBoothChartCard.swift in Sources */ = {isa = PBXBuildFile; fileRef = 9C86CD6320BE4B8700062853 /* HabitBoothChartCard.swift */; };
		9C86CD6620BE4B8F00062853 /* HabitBoothEventCard.swift in Sources */ = {isa = PBXBuildFile; fileRef = 9C86CD6520BE4B8E00062853 /* HabitBoothEventCard.swift */; };
		9C86CD6820BE4B9700062853 /* HabitBoothDiaryCard.swift in Sources */ = {isa = PBXBuildFile; fileRef = 9C86CD6720BE4B9700062853 /* HabitBoothDiaryCard.swift */; };
		9C86CD6A20BE4B9D00062853 /* HabitBoothMenuCard.swift in Sources */ = {isa = PBXBuildFile; fileRef = 9C86CD6920BE4B9D00062853 /* HabitBoothMenuCard.swift */; };
		9C86CD6C20BE536A00062853 /* HabitBoothUnitCard.swift in Sources */ = {isa = PBXBuildFile; fileRef = 9C86CD6B20BE536A00062853 /* HabitBoothUnitCard.swift */; };
		9C90459020BF937900263762 /* HabitUnitList.storyboard in Resources */ = {isa = PBXBuildFile; fileRef = 9C90458F20BF937900263762 /* HabitUnitList.storyboard */; };
		9C90459220BF938000263762 /* HabitUnitEdit.storyboard in Resources */ = {isa = PBXBuildFile; fileRef = 9C90459120BF938000263762 /* HabitUnitEdit.storyboard */; };
		9C90459420BF93AB00263762 /* HabitUnitEditController.swift in Sources */ = {isa = PBXBuildFile; fileRef = 9C90459320BF93AB00263762 /* HabitUnitEditController.swift */; };
		9C90459620BF93B800263762 /* HabitUnitListController.swift in Sources */ = {isa = PBXBuildFile; fileRef = 9C90459520BF93B800263762 /* HabitUnitListController.swift */; };
		9C90459820BF955800263762 /* HabitUnitEditTopCard.swift in Sources */ = {isa = PBXBuildFile; fileRef = 9C90459720BF955800263762 /* HabitUnitEditTopCard.swift */; };
		9C90459A20BF956D00263762 /* HabitUnitEditCalendarCard.swift in Sources */ = {isa = PBXBuildFile; fileRef = 9C90459920BF956D00263762 /* HabitUnitEditCalendarCard.swift */; };
		9C90459C20BF958100263762 /* HabitUnitEditTimerCard.swift in Sources */ = {isa = PBXBuildFile; fileRef = 9C90459B20BF958100263762 /* HabitUnitEditTimerCard.swift */; };
		9C90459E20BF959000263762 /* HabitUnitEditMessageCard.swift in Sources */ = {isa = PBXBuildFile; fileRef = 9C90459D20BF959000263762 /* HabitUnitEditMessageCard.swift */; };
		9C9045A020BF95A100263762 /* HabitUnitEditTypeCard.swift in Sources */ = {isa = PBXBuildFile; fileRef = 9C90459F20BF95A100263762 /* HabitUnitEditTypeCard.swift */; };
		9C9045A220BF95BD00263762 /* HabitUnitListCell.swift in Sources */ = {isa = PBXBuildFile; fileRef = 9C9045A120BF95BD00263762 /* HabitUnitListCell.swift */; };
		9C9045A420BFEF4600263762 /* HabitUnitEditCountCard.swift in Sources */ = {isa = PBXBuildFile; fileRef = 9C9045A320BFEF4600263762 /* HabitUnitEditCountCard.swift */; };
		9CAF330920D8B2740091DD1A /* Ex_DispatchQueue.swift in Sources */ = {isa = PBXBuildFile; fileRef = 9CAF330820D8B2740091DD1A /* Ex_DispatchQueue.swift */; };
		9CB5B8EB20C639D6009FFE5D /* SQLiteLogs.swift in Sources */ = {isa = PBXBuildFile; fileRef = 9CB5B8EA20C639D5009FFE5D /* SQLiteLogs.swift */; };
		9CB5B8EE20C69063009FFE5D /* Views.swift in Sources */ = {isa = PBXBuildFile; fileRef = 9CB5B8ED20C69063009FFE5D /* Views.swift */; };
		9CBC806A20B7A0A500321675 /* CardMessageView.swift in Sources */ = {isa = PBXBuildFile; fileRef = 9CBC806920B7A0A500321675 /* CardMessageView.swift */; };
		9CBC806C20B7BCEA00321675 /* CardStandardView.swift in Sources */ = {isa = PBXBuildFile; fileRef = 9CBC806B20B7BCEA00321675 /* CardStandardView.swift */; };
		9CBC806E20B7FB6400321675 /* HabitEditNameCard.swift in Sources */ = {isa = PBXBuildFile; fileRef = 9CBC806D20B7FB6400321675 /* HabitEditNameCard.swift */; };
		9CBC807020B801D300321675 /* HabitEditGoalCard.swift in Sources */ = {isa = PBXBuildFile; fileRef = 9CBC806F20B801D300321675 /* HabitEditGoalCard.swift */; };
		9CC3586E20CB82F5006ECEF9 /* HabitEditDefaultController.swift in Sources */ = {isa = PBXBuildFile; fileRef = 9CC3586D20CB82F5006ECEF9 /* HabitEditDefaultController.swift */; };
		9CC89F3020B423130095625C /* AppDelegate.swift in Sources */ = {isa = PBXBuildFile; fileRef = 9CC89F2F20B423130095625C /* AppDelegate.swift */; };
		9CC89F3520B423130095625C /* Main.storyboard in Resources */ = {isa = PBXBuildFile; fileRef = 9CC89F3320B423130095625C /* Main.storyboard */; };
		9CC89F3720B423140095625C /* Assets.xcassets in Resources */ = {isa = PBXBuildFile; fileRef = 9CC89F3620B423140095625C /* Assets.xcassets */; };
		9CC89F3A20B423140095625C /* LaunchScreen.storyboard in Resources */ = {isa = PBXBuildFile; fileRef = 9CC89F3820B423140095625C /* LaunchScreen.storyboard */; };
		9CC89F4520B428D80095625C /* libsqlite3.tbd in Frameworks */ = {isa = PBXBuildFile; fileRef = 9CC89F4420B428D80095625C /* libsqlite3.tbd */; };
		9CCE2D1F20B940DE0038457D /* HabitEditFrequencyCard.swift in Sources */ = {isa = PBXBuildFile; fileRef = 9CCE2D1E20B940DE0038457D /* HabitEditFrequencyCard.swift */; };
		9CCE2D2120B94B3F0038457D /* HabitEditMessageCard.swift in Sources */ = {isa = PBXBuildFile; fileRef = 9CCE2D2020B94B3F0038457D /* HabitEditMessageCard.swift */; };
		9CCE2D2320BA366A0038457D /* HabitEditMenuCard.swift in Sources */ = {isa = PBXBuildFile; fileRef = 9CCE2D2220BA366A0038457D /* HabitEditMenuCard.swift */; };
		9CCE2D2720BA40960038457D /* Confirm.swift in Sources */ = {isa = PBXBuildFile; fileRef = 9CCE2D2620BA40960038457D /* Confirm.swift */; };
		9CCE2D2920BA40B00038457D /* PushView.swift in Sources */ = {isa = PBXBuildFile; fileRef = 9CCE2D2820BA40B00038457D /* PushView.swift */; };
		9CF51F6920BCFA5300D48293 /* HabitEditUICard.swift in Sources */ = {isa = PBXBuildFile; fileRef = 9CF51F6820BCFA5300D48293 /* HabitEditUICard.swift */; };
		9CF51F6C20BD33CD00D48293 /* HabitEditUIController.swift in Sources */ = {isa = PBXBuildFile; fileRef = 9CF51F6B20BD33CD00D48293 /* HabitEditUIController.swift */; };
		9CF51F6E20BD33F200D48293 /* HabitEditUICell.swift in Sources */ = {isa = PBXBuildFile; fileRef = 9CF51F6D20BD33F200D48293 /* HabitEditUICell.swift */; };
		9CF51F7020BD5BFE00D48293 /* HabitEditSpaceCard.swift in Sources */ = {isa = PBXBuildFile; fileRef = 9CF51F6F20BD5BFE00D48293 /* HabitEditSpaceCard.swift */; };
		9CFA478320B5495C004AFD67 /* Color.swift in Sources */ = {isa = PBXBuildFile; fileRef = 9CFA478220B5495C004AFD67 /* Color.swift */; };
		9CFA47C520B54975004AFD67 /* Animation.swift in Sources */ = {isa = PBXBuildFile; fileRef = 9CFA478620B54975004AFD67 /* Animation.swift */; };
		9CFA47C620B54975004AFD67 /* Button.swift in Sources */ = {isa = PBXBuildFile; fileRef = 9CFA478820B54975004AFD67 /* Button.swift */; };
		9CFA47C720B54975004AFD67 /* ImageView.swift in Sources */ = {isa = PBXBuildFile; fileRef = 9CFA478920B54975004AFD67 /* ImageView.swift */; };
		9CFA47C820B54975004AFD67 /* CardSeparator.swift in Sources */ = {isa = PBXBuildFile; fileRef = 9CFA478B20B54975004AFD67 /* CardSeparator.swift */; };
		9CFA47C920B54975004AFD67 /* CardTable.swift in Sources */ = {isa = PBXBuildFile; fileRef = 9CFA478C20B54975004AFD67 /* CardTable.swift */; };
		9CFA47CA20B54975004AFD67 /* CardView.swift in Sources */ = {isa = PBXBuildFile; fileRef = 9CFA478D20B54975004AFD67 /* CardView.swift */; };
		9CFA47CB20B54975004AFD67 /* TableView.swift in Sources */ = {isa = PBXBuildFile; fileRef = 9CFA479020B54975004AFD67 /* TableView.swift */; };
		9CFA47CC20B54975004AFD67 /* TableViewCell.swift in Sources */ = {isa = PBXBuildFile; fileRef = 9CFA479120B54975004AFD67 /* TableViewCell.swift */; };
		9CFA47CD20B54975004AFD67 /* TableViewHeaderFooter.swift in Sources */ = {isa = PBXBuildFile; fileRef = 9CFA479220B54975004AFD67 /* TableViewHeaderFooter.swift */; };
		9CFA47CE20B54975004AFD67 /* TableViewController.swift in Sources */ = {isa = PBXBuildFile; fileRef = 9CFA479320B54975004AFD67 /* TableViewController.swift */; };
		9CFA47CF20B54975004AFD67 /* View.swift in Sources */ = {isa = PBXBuildFile; fileRef = 9CFA479420B54975004AFD67 /* View.swift */; };
		9CFA47D020B54975004AFD67 /* ViewController.swift in Sources */ = {isa = PBXBuildFile; fileRef = 9CFA479520B54975004AFD67 /* ViewController.swift */; };
		9CFA47D120B54975004AFD67 /* SQLite.swift in Sources */ = {isa = PBXBuildFile; fileRef = 9CFA479720B54975004AFD67 /* SQLite.swift */; };
		9CFA47D220B54975004AFD67 /* SQLiteProtocol.swift in Sources */ = {isa = PBXBuildFile; fileRef = 9CFA479820B54975004AFD67 /* SQLiteProtocol.swift */; };
		9CFA47D320B54975004AFD67 /* Ex_Array.swift in Sources */ = {isa = PBXBuildFile; fileRef = 9CFA479B20B54975004AFD67 /* Ex_Array.swift */; };
		9CFA47D420B54975004AFD67 /* Ex_Calendar.swift in Sources */ = {isa = PBXBuildFile; fileRef = 9CFA479C20B54975004AFD67 /* Ex_Calendar.swift */; };
		9CFA47D520B54975004AFD67 /* Ex_Date.swift in Sources */ = {isa = PBXBuildFile; fileRef = 9CFA479D20B54975004AFD67 /* Ex_Date.swift */; };
		9CFA47D620B54975004AFD67 /* Ex_DateFormatter.swift in Sources */ = {isa = PBXBuildFile; fileRef = 9CFA479E20B54975004AFD67 /* Ex_DateFormatter.swift */; };
		9CFA47D720B54975004AFD67 /* Ex_IndexPath.swift in Sources */ = {isa = PBXBuildFile; fileRef = 9CFA479F20B54975004AFD67 /* Ex_IndexPath.swift */; };
		9CFA47D820B54975004AFD67 /* Ex_Int.swift in Sources */ = {isa = PBXBuildFile; fileRef = 9CFA47A020B54975004AFD67 /* Ex_Int.swift */; };
		9CFA47D920B54975004AFD67 /* Ex_String.swift in Sources */ = {isa = PBXBuildFile; fileRef = 9CFA47A120B54975004AFD67 /* Ex_String.swift */; };
		9CFA47DA20B54975004AFD67 /* Ex_UIColor.swift in Sources */ = {isa = PBXBuildFile; fileRef = 9CFA47A320B54975004AFD67 /* Ex_UIColor.swift */; };
		9CFA47DB20B54975004AFD67 /* Ex_UIDevice.swift in Sources */ = {isa = PBXBuildFile; fileRef = 9CFA47A420B54975004AFD67 /* Ex_UIDevice.swift */; };
		9CFA47DC20B54975004AFD67 /* Ex_UIImage.swift in Sources */ = {isa = PBXBuildFile; fileRef = 9CFA47A520B54975004AFD67 /* Ex_UIImage.swift */; };
		9CFA47DD20B54975004AFD67 /* Ex_UILabel.swift in Sources */ = {isa = PBXBuildFile; fileRef = 9CFA47A620B54975004AFD67 /* Ex_UILabel.swift */; };
		9CFA47DE20B54975004AFD67 /* Ex_UIScreen.swift in Sources */ = {isa = PBXBuildFile; fileRef = 9CFA47A720B54975004AFD67 /* Ex_UIScreen.swift */; };
		9CFA47DF20B54975004AFD67 /* Ex_UIStoryboardSegue.swift in Sources */ = {isa = PBXBuildFile; fileRef = 9CFA47A820B54975004AFD67 /* Ex_UIStoryboardSegue.swift */; };
		9CFA47E020B54975004AFD67 /* Ex_UITextField.swift in Sources */ = {isa = PBXBuildFile; fileRef = 9CFA47A920B54975004AFD67 /* Ex_UITextField.swift */; };
		9CFA47E120B54975004AFD67 /* Ex_UITextView.swift in Sources */ = {isa = PBXBuildFile; fileRef = 9CFA47AA20B54975004AFD67 /* Ex_UITextView.swift */; };
		9CFA47E220B54975004AFD67 /* CalendarCell.swift in Sources */ = {isa = PBXBuildFile; fileRef = 9CFA47AD20B54975004AFD67 /* CalendarCell.swift */; };
		9CFA47E320B54975004AFD67 /* CalendarCell.xib in Resources */ = {isa = PBXBuildFile; fileRef = 9CFA47AE20B54975004AFD67 /* CalendarCell.xib */; };
		9CFA47E420B54975004AFD67 /* CalendarView.swift in Sources */ = {isa = PBXBuildFile; fileRef = 9CFA47AF20B54975004AFD67 /* CalendarView.swift */; };
		9CFA47E520B54975004AFD67 /* CalendarView.xib in Resources */ = {isa = PBXBuildFile; fileRef = 9CFA47B020B54975004AFD67 /* CalendarView.xib */; };
		9CFA47E620B54975004AFD67 /* InputTextView.swift in Sources */ = {isa = PBXBuildFile; fileRef = 9CFA47B320B54975004AFD67 /* InputTextView.swift */; };
		9CFA47E720B54975004AFD67 /* InputTextView.xib in Resources */ = {isa = PBXBuildFile; fileRef = 9CFA47B420B54975004AFD67 /* InputTextView.xib */; };
		9CFA47E820B54975004AFD67 /* InputView.swift in Sources */ = {isa = PBXBuildFile; fileRef = 9CFA47B520B54975004AFD67 /* InputView.swift */; };
		9CFA47E920B54975004AFD67 /* InputView.xib in Resources */ = {isa = PBXBuildFile; fileRef = 9CFA47B620B54975004AFD67 /* InputView.xib */; };
		9CFA47EA20B54975004AFD67 /* VarlenaInput.swift in Sources */ = {isa = PBXBuildFile; fileRef = 9CFA47B720B54975004AFD67 /* VarlenaInput.swift */; };
		9CFA47EB20B54975004AFD67 /* VarlenaInput.xib in Resources */ = {isa = PBXBuildFile; fileRef = 9CFA47B820B54975004AFD67 /* VarlenaInput.xib */; };
		9CFA47EC20B54975004AFD67 /* ProgressView.swift in Sources */ = {isa = PBXBuildFile; fileRef = 9CFA47BA20B54975004AFD67 /* ProgressView.swift */; };
		9CFA47ED20B54975004AFD67 /* RoundProgress.swift in Sources */ = {isa = PBXBuildFile; fileRef = 9CFA47BB20B54975004AFD67 /* RoundProgress.swift */; };
		9CFA47EE20B54975004AFD67 /* iDateSelector.swift in Sources */ = {isa = PBXBuildFile; fileRef = 9CFA47BD20B54975004AFD67 /* iDateSelector.swift */; };
		9CFA47EF20B54975004AFD67 /* iSelector.swift in Sources */ = {isa = PBXBuildFile; fileRef = 9CFA47BE20B54975004AFD67 /* iSelector.swift */; };
		9CFA47F020B54975004AFD67 /* iSelector.xib in Resources */ = {isa = PBXBuildFile; fileRef = 9CFA47BF20B54975004AFD67 /* iSelector.xib */; };
		9CFA47F120B54975004AFD67 /* KeyValue.swift in Sources */ = {isa = PBXBuildFile; fileRef = 9CFA47C120B54975004AFD67 /* KeyValue.swift */; };
		9CFA47F220B54975004AFD67 /* NibLoable.swift in Sources */ = {isa = PBXBuildFile; fileRef = 9CFA47C220B54975004AFD67 /* NibLoable.swift */; };
		9CFA47F320B54975004AFD67 /* Notifiable.swift in Sources */ = {isa = PBXBuildFile; fileRef = 9CFA47C320B54975004AFD67 /* Notifiable.swift */; };
		9CFA47F420B54975004AFD67 /* Operator.swift in Sources */ = {isa = PBXBuildFile; fileRef = 9CFA47C420B54975004AFD67 /* Operator.swift */; };
		9CFA47F620B54FD9004AFD67 /* Font.swift in Sources */ = {isa = PBXBuildFile; fileRef = 9CFA47F520B54FD9004AFD67 /* Font.swift */; };
		9CFA47F820B55093004AFD67 /* MainController.swift in Sources */ = {isa = PBXBuildFile; fileRef = 9CFA47F720B55093004AFD67 /* MainController.swift */; };
		9CFA47FA20B557C7004AFD67 /* Format.swift in Sources */ = {isa = PBXBuildFile; fileRef = 9CFA47F920B557C7004AFD67 /* Format.swift */; };
		9CFA480020B55C84004AFD67 /* Habit_SQlite.swift in Sources */ = {isa = PBXBuildFile; fileRef = 9CFA47FF20B55C84004AFD67 /* Habit_SQlite.swift */; };
		9CFA480220B55C8A004AFD67 /* HabitUnit_SQlite.swift in Sources */ = {isa = PBXBuildFile; fileRef = 9CFA480120B55C8A004AFD67 /* HabitUnit_SQlite.swift */; };
		9CFA480420B55C90004AFD67 /* Event_SQlite.swift in Sources */ = {isa = PBXBuildFile; fileRef = 9CFA480320B55C90004AFD67 /* Event_SQlite.swift */; };
		9CFA480620B55C97004AFD67 /* EventUnit_SQlite.swift in Sources */ = {isa = PBXBuildFile; fileRef = 9CFA480520B55C97004AFD67 /* EventUnit_SQlite.swift */; };
		9CFA480820B55C9C004AFD67 /* Chart_SQlite.swift in Sources */ = {isa = PBXBuildFile; fileRef = 9CFA480720B55C9C004AFD67 /* Chart_SQlite.swift */; };
		9CFA480A20B55CD5004AFD67 /* ChartUnit_SQlite.swift in Sources */ = {isa = PBXBuildFile; fileRef = 9CFA480920B55CD5004AFD67 /* ChartUnit_SQlite.swift */; };
		9CFA480C20B55CDB004AFD67 /* Diary_SQlite.swift in Sources */ = {isa = PBXBuildFile; fileRef = 9CFA480B20B55CDB004AFD67 /* Diary_SQlite.swift */; };
		9CFA480E20B55CE3004AFD67 /* DiaryUnit_SQlite.swift in Sources */ = {isa = PBXBuildFile; fileRef = 9CFA480D20B55CE3004AFD67 /* DiaryUnit_SQlite.swift */; };
		9CFA481020B55CED004AFD67 /* Habit.swift in Sources */ = {isa = PBXBuildFile; fileRef = 9CFA480F20B55CED004AFD67 /* Habit.swift */; };
		9CFA481220B55CF4004AFD67 /* HabitUnit.swift in Sources */ = {isa = PBXBuildFile; fileRef = 9CFA481120B55CF4004AFD67 /* HabitUnit.swift */; };
		9CFA481420B55CF9004AFD67 /* Event.swift in Sources */ = {isa = PBXBuildFile; fileRef = 9CFA481320B55CF9004AFD67 /* Event.swift */; };
		9CFA481620B55D00004AFD67 /* EventUnit.swift in Sources */ = {isa = PBXBuildFile; fileRef = 9CFA481520B55D00004AFD67 /* EventUnit.swift */; };
		9CFA481820B55D04004AFD67 /* Chart.swift in Sources */ = {isa = PBXBuildFile; fileRef = 9CFA481720B55D04004AFD67 /* Chart.swift */; };
		9CFA481A20B55D0A004AFD67 /* ChartUnit.swift in Sources */ = {isa = PBXBuildFile; fileRef = 9CFA481920B55D0A004AFD67 /* ChartUnit.swift */; };
		9CFA481C20B55D0F004AFD67 /* Diary.swift in Sources */ = {isa = PBXBuildFile; fileRef = 9CFA481B20B55D0F004AFD67 /* Diary.swift */; };
		9CFA481E20B55D16004AFD67 /* DiaryUnit.swift in Sources */ = {isa = PBXBuildFile; fileRef = 9CFA481D20B55D16004AFD67 /* DiaryUnit.swift */; };
		9CFA482020B57477004AFD67 /* Resource.swift in Sources */ = {isa = PBXBuildFile; fileRef = 9CFA481F20B57477004AFD67 /* Resource.swift */; };
		9CFA482520B579A6004AFD67 /* Keyboard.swift in Sources */ = {isa = PBXBuildFile; fileRef = 9CFA482420B579A6004AFD67 /* Keyboard.swift */; };
/* End PBXBuildFile section */

/* Begin PBXFileReference section */
		9C1CA12F20C937F400F08F57 /* CardStandardEditView.swift */ = {isa = PBXFileReference; lastKnownFileType = sourcecode.swift; path = CardStandardEditView.swift; sourceTree = "<group>"; };
		9C1CA13120CA250400F08F57 /* BaseController.swift */ = {isa = PBXFileReference; lastKnownFileType = sourcecode.swift; path = BaseController.swift; sourceTree = "<group>"; };
		9C1CA13320CA2F2500F08F57 /* HabitListCollect.swift */ = {isa = PBXFileReference; lastKnownFileType = sourcecode.swift; path = HabitListCollect.swift; sourceTree = "<group>"; };
		9C1CA13520CA2F6B00F08F57 /* HabitListCollectCell.swift */ = {isa = PBXFileReference; lastKnownFileType = sourcecode.swift; path = HabitListCollectCell.swift; sourceTree = "<group>"; };
		9C210B1020B6630300C17D35 /* KeyboardTime.swift */ = {isa = PBXFileReference; lastKnownFileType = sourcecode.swift; path = KeyboardTime.swift; sourceTree = "<group>"; };
		9C25076120B6AFBD00EB2D13 /* HabitList.storyboard */ = {isa = PBXFileReference; lastKnownFileType = file.storyboard; path = HabitList.storyboard; sourceTree = "<group>"; };
		9C25076320B6B0D200EB2D13 /* HabitListController.swift */ = {isa = PBXFileReference; lastKnownFileType = sourcecode.swift; path = HabitListController.swift; sourceTree = "<group>"; };
		9C25076720B6B48E00EB2D13 /* HabitListTop.swift */ = {isa = PBXFileReference; lastKnownFileType = sourcecode.swift; path = HabitListTop.swift; sourceTree = "<group>"; };
		9C25076A20B6B4D600EB2D13 /* TopView.swift */ = {isa = PBXFileReference; lastKnownFileType = sourcecode.swift; path = TopView.swift; sourceTree = "<group>"; };
		9C25076C20B6B87E00EB2D13 /* HabitListEntry.swift */ = {isa = PBXFileReference; lastKnownFileType = sourcecode.swift; path = HabitListEntry.swift; sourceTree = "<group>"; };
		9C25077120B6BBEB00EB2D13 /* HabitEdit.storyboard */ = {isa = PBXFileReference; lastKnownFileType = file.storyboard; path = HabitEdit.storyboard; sourceTree = "<group>"; };
		9C25077320B6BBFB00EB2D13 /* HabitEditController.swift */ = {isa = PBXFileReference; lastKnownFileType = sourcecode.swift; path = HabitEditController.swift; sourceTree = "<group>"; };
		9C25077620B6BD1400EB2D13 /* CardBaseView.swift */ = {isa = PBXFileReference; lastKnownFileType = sourcecode.swift; path = CardBaseView.swift; sourceTree = "<group>"; };
		9C25077820B6BD3400EB2D13 /* CardTopView.swift */ = {isa = PBXFileReference; lastKnownFileType = sourcecode.swift; path = CardTopView.swift; sourceTree = "<group>"; };
		9C25077A20B6C1C300EB2D13 /* HabitEditTopCard.swift */ = {isa = PBXFileReference; lastKnownFileType = sourcecode.swift; path = HabitEditTopCard.swift; sourceTree = "<group>"; };
		9C25077C20B6C61B00EB2D13 /* Key.swift */ = {isa = PBXFileReference; lastKnownFileType = sourcecode.swift; path = Key.swift; sourceTree = "<group>"; };
		9C25077E20B6C7CD00EB2D13 /* CardCalendarView.swift */ = {isa = PBXFileReference; lastKnownFileType = sourcecode.swift; path = CardCalendarView.swift; sourceTree = "<group>"; wrapsLines = 1; };
		9C25078120B6C95C00EB2D13 /* CollectionViewCell.swift */ = {isa = PBXFileReference; lastKnownFileType = sourcecode.swift; path = CollectionViewCell.swift; sourceTree = "<group>"; };
		9C4B5CD820C28E5700A2CE31 /* HabitUnitListHeader.swift */ = {isa = PBXFileReference; lastKnownFileType = sourcecode.swift; path = HabitUnitListHeader.swift; sourceTree = "<group>"; };
		9C6FA21720CD0BCB00FF2DA9 /* Timer.swift */ = {isa = PBXFileReference; lastKnownFileType = sourcecode.swift; path = Timer.swift; sourceTree = "<group>"; };
		9C77E1C720B5A752002CAA25 /* KeyboardDate.swift */ = {isa = PBXFileReference; lastKnownFileType = sourcecode.swift; path = KeyboardDate.swift; sourceTree = "<group>"; };
		9C77E1C920B70589002CAA25 /* CollectionView.swift */ = {isa = PBXFileReference; lastKnownFileType = sourcecode.swift; path = CollectionView.swift; sourceTree = "<group>"; };
		9C86CD5820BE43DC00062853 /* Impact.swift */ = {isa = PBXFileReference; lastKnownFileType = sourcecode.swift; path = Impact.swift; sourceTree = "<group>"; };
		9C86CD5B20BE486400062853 /* HabitBoothController.swift */ = {isa = PBXFileReference; lastKnownFileType = sourcecode.swift; path = HabitBoothController.swift; sourceTree = "<group>"; };
		9C86CD5D20BE486C00062853 /* HabitBooth.storyboard */ = {isa = PBXFileReference; lastKnownFileType = file.storyboard; path = HabitBooth.storyboard; sourceTree = "<group>"; };
		9C86CD5F20BE4A1300062853 /* HabitBoothTopCard.swift */ = {isa = PBXFileReference; lastKnownFileType = sourcecode.swift; path = HabitBoothTopCard.swift; sourceTree = "<group>"; };
		9C86CD6120BE4A2800062853 /* HabitBoothCalendarCard.swift */ = {isa = PBXFileReference; lastKnownFileType = sourcecode.swift; path = HabitBoothCalendarCard.swift; sourceTree = "<group>"; };
		9C86CD6320BE4B8700062853 /* HabitBoothChartCard.swift */ = {isa = PBXFileReference; lastKnownFileType = sourcecode.swift; path = HabitBoothChartCard.swift; sourceTree = "<group>"; };
		9C86CD6520BE4B8E00062853 /* HabitBoothEventCard.swift */ = {isa = PBXFileReference; lastKnownFileType = sourcecode.swift; path = HabitBoothEventCard.swift; sourceTree = "<group>"; };
		9C86CD6720BE4B9700062853 /* HabitBoothDiaryCard.swift */ = {isa = PBXFileReference; lastKnownFileType = sourcecode.swift; path = HabitBoothDiaryCard.swift; sourceTree = "<group>"; };
		9C86CD6920BE4B9D00062853 /* HabitBoothMenuCard.swift */ = {isa = PBXFileReference; lastKnownFileType = sourcecode.swift; path = HabitBoothMenuCard.swift; sourceTree = "<group>"; };
		9C86CD6B20BE536A00062853 /* HabitBoothUnitCard.swift */ = {isa = PBXFileReference; lastKnownFileType = sourcecode.swift; path = HabitBoothUnitCard.swift; sourceTree = "<group>"; };
		9C90458F20BF937900263762 /* HabitUnitList.storyboard */ = {isa = PBXFileReference; lastKnownFileType = file.storyboard; path = HabitUnitList.storyboard; sourceTree = "<group>"; };
		9C90459120BF938000263762 /* HabitUnitEdit.storyboard */ = {isa = PBXFileReference; lastKnownFileType = file.storyboard; path = HabitUnitEdit.storyboard; sourceTree = "<group>"; };
		9C90459320BF93AB00263762 /* HabitUnitEditController.swift */ = {isa = PBXFileReference; lastKnownFileType = sourcecode.swift; path = HabitUnitEditController.swift; sourceTree = "<group>"; };
		9C90459520BF93B800263762 /* HabitUnitListController.swift */ = {isa = PBXFileReference; lastKnownFileType = sourcecode.swift; path = HabitUnitListController.swift; sourceTree = "<group>"; };
		9C90459720BF955800263762 /* HabitUnitEditTopCard.swift */ = {isa = PBXFileReference; lastKnownFileType = sourcecode.swift; path = HabitUnitEditTopCard.swift; sourceTree = "<group>"; };
		9C90459920BF956D00263762 /* HabitUnitEditCalendarCard.swift */ = {isa = PBXFileReference; lastKnownFileType = sourcecode.swift; path = HabitUnitEditCalendarCard.swift; sourceTree = "<group>"; };
		9C90459B20BF958100263762 /* HabitUnitEditTimerCard.swift */ = {isa = PBXFileReference; lastKnownFileType = sourcecode.swift; path = HabitUnitEditTimerCard.swift; sourceTree = "<group>"; };
		9C90459D20BF959000263762 /* HabitUnitEditMessageCard.swift */ = {isa = PBXFileReference; lastKnownFileType = sourcecode.swift; path = HabitUnitEditMessageCard.swift; sourceTree = "<group>"; };
		9C90459F20BF95A100263762 /* HabitUnitEditTypeCard.swift */ = {isa = PBXFileReference; lastKnownFileType = sourcecode.swift; path = HabitUnitEditTypeCard.swift; sourceTree = "<group>"; };
		9C9045A120BF95BD00263762 /* HabitUnitListCell.swift */ = {isa = PBXFileReference; lastKnownFileType = sourcecode.swift; path = HabitUnitListCell.swift; sourceTree = "<group>"; };
		9C9045A320BFEF4600263762 /* HabitUnitEditCountCard.swift */ = {isa = PBXFileReference; lastKnownFileType = sourcecode.swift; path = HabitUnitEditCountCard.swift; sourceTree = "<group>"; };
		9CAF330820D8B2740091DD1A /* Ex_DispatchQueue.swift */ = {isa = PBXFileReference; lastKnownFileType = sourcecode.swift; path = Ex_DispatchQueue.swift; sourceTree = "<group>"; };
		9CB5B8EA20C639D5009FFE5D /* SQLiteLogs.swift */ = {isa = PBXFileReference; lastKnownFileType = sourcecode.swift; path = SQLiteLogs.swift; sourceTree = "<group>"; };
		9CB5B8ED20C69063009FFE5D /* Views.swift */ = {isa = PBXFileReference; lastKnownFileType = sourcecode.swift; path = Views.swift; sourceTree = "<group>"; };
		9CBC806920B7A0A500321675 /* CardMessageView.swift */ = {isa = PBXFileReference; lastKnownFileType = sourcecode.swift; path = CardMessageView.swift; sourceTree = "<group>"; };
		9CBC806B20B7BCEA00321675 /* CardStandardView.swift */ = {isa = PBXFileReference; lastKnownFileType = sourcecode.swift; path = CardStandardView.swift; sourceTree = "<group>"; };
		9CBC806D20B7FB6400321675 /* HabitEditNameCard.swift */ = {isa = PBXFileReference; lastKnownFileType = sourcecode.swift; path = HabitEditNameCard.swift; sourceTree = "<group>"; };
		9CBC806F20B801D300321675 /* HabitEditGoalCard.swift */ = {isa = PBXFileReference; lastKnownFileType = sourcecode.swift; path = HabitEditGoalCard.swift; sourceTree = "<group>"; };
		9CC3586D20CB82F5006ECEF9 /* HabitEditDefaultController.swift */ = {isa = PBXFileReference; lastKnownFileType = sourcecode.swift; path = HabitEditDefaultController.swift; sourceTree = "<group>"; };
		9CC89F2C20B423130095625C /* Days.app */ = {isa = PBXFileReference; explicitFileType = wrapper.application; includeInIndex = 0; path = Days.app; sourceTree = BUILT_PRODUCTS_DIR; };
		9CC89F2F20B423130095625C /* AppDelegate.swift */ = {isa = PBXFileReference; lastKnownFileType = sourcecode.swift; path = AppDelegate.swift; sourceTree = "<group>"; };
		9CC89F3420B423130095625C /* Base */ = {isa = PBXFileReference; lastKnownFileType = file.storyboard; name = Base; path = Base.lproj/Main.storyboard; sourceTree = "<group>"; };
		9CC89F3620B423140095625C /* Assets.xcassets */ = {isa = PBXFileReference; lastKnownFileType = folder.assetcatalog; path = Assets.xcassets; sourceTree = "<group>"; };
		9CC89F3920B423140095625C /* Base */ = {isa = PBXFileReference; lastKnownFileType = file.storyboard; name = Base; path = Base.lproj/LaunchScreen.storyboard; sourceTree = "<group>"; };
		9CC89F3B20B423140095625C /* Info.plist */ = {isa = PBXFileReference; lastKnownFileType = text.plist.xml; path = Info.plist; sourceTree = "<group>"; };
		9CC89F4420B428D80095625C /* libsqlite3.tbd */ = {isa = PBXFileReference; lastKnownFileType = "sourcecode.text-based-dylib-definition"; name = libsqlite3.tbd; path = usr/lib/libsqlite3.tbd; sourceTree = SDKROOT; };
		9CCE2D1E20B940DE0038457D /* HabitEditFrequencyCard.swift */ = {isa = PBXFileReference; lastKnownFileType = sourcecode.swift; path = HabitEditFrequencyCard.swift; sourceTree = "<group>"; };
		9CCE2D2020B94B3F0038457D /* HabitEditMessageCard.swift */ = {isa = PBXFileReference; lastKnownFileType = sourcecode.swift; path = HabitEditMessageCard.swift; sourceTree = "<group>"; };
		9CCE2D2220BA366A0038457D /* HabitEditMenuCard.swift */ = {isa = PBXFileReference; lastKnownFileType = sourcecode.swift; path = HabitEditMenuCard.swift; sourceTree = "<group>"; };
		9CCE2D2620BA40960038457D /* Confirm.swift */ = {isa = PBXFileReference; lastKnownFileType = sourcecode.swift; path = Confirm.swift; sourceTree = "<group>"; };
		9CCE2D2820BA40B00038457D /* PushView.swift */ = {isa = PBXFileReference; lastKnownFileType = sourcecode.swift; path = PushView.swift; sourceTree = "<group>"; };
		9CF51F6820BCFA5300D48293 /* HabitEditUICard.swift */ = {isa = PBXFileReference; lastKnownFileType = sourcecode.swift; path = HabitEditUICard.swift; sourceTree = "<group>"; };
		9CF51F6B20BD33CD00D48293 /* HabitEditUIController.swift */ = {isa = PBXFileReference; lastKnownFileType = sourcecode.swift; path = HabitEditUIController.swift; sourceTree = "<group>"; };
		9CF51F6D20BD33F200D48293 /* HabitEditUICell.swift */ = {isa = PBXFileReference; lastKnownFileType = sourcecode.swift; path = HabitEditUICell.swift; sourceTree = "<group>"; };
		9CF51F6F20BD5BFE00D48293 /* HabitEditSpaceCard.swift */ = {isa = PBXFileReference; lastKnownFileType = sourcecode.swift; path = HabitEditSpaceCard.swift; sourceTree = "<group>"; };
		9CFA478220B5495C004AFD67 /* Color.swift */ = {isa = PBXFileReference; lastKnownFileType = sourcecode.swift; path = Color.swift; sourceTree = "<group>"; };
		9CFA478620B54975004AFD67 /* Animation.swift */ = {isa = PBXFileReference; fileEncoding = 4; lastKnownFileType = sourcecode.swift; path = Animation.swift; sourceTree = "<group>"; };
		9CFA478820B54975004AFD67 /* Button.swift */ = {isa = PBXFileReference; fileEncoding = 4; lastKnownFileType = sourcecode.swift; path = Button.swift; sourceTree = "<group>"; };
		9CFA478920B54975004AFD67 /* ImageView.swift */ = {isa = PBXFileReference; fileEncoding = 4; lastKnownFileType = sourcecode.swift; path = ImageView.swift; sourceTree = "<group>"; };
		9CFA478B20B54975004AFD67 /* CardSeparator.swift */ = {isa = PBXFileReference; fileEncoding = 4; lastKnownFileType = sourcecode.swift; path = CardSeparator.swift; sourceTree = "<group>"; };
		9CFA478C20B54975004AFD67 /* CardTable.swift */ = {isa = PBXFileReference; fileEncoding = 4; lastKnownFileType = sourcecode.swift; path = CardTable.swift; sourceTree = "<group>"; };
		9CFA478D20B54975004AFD67 /* CardView.swift */ = {isa = PBXFileReference; fileEncoding = 4; lastKnownFileType = sourcecode.swift; path = CardView.swift; sourceTree = "<group>"; };
		9CFA479020B54975004AFD67 /* TableView.swift */ = {isa = PBXFileReference; fileEncoding = 4; lastKnownFileType = sourcecode.swift; path = TableView.swift; sourceTree = "<group>"; };
		9CFA479120B54975004AFD67 /* TableViewCell.swift */ = {isa = PBXFileReference; fileEncoding = 4; lastKnownFileType = sourcecode.swift; path = TableViewCell.swift; sourceTree = "<group>"; };
		9CFA479220B54975004AFD67 /* TableViewHeaderFooter.swift */ = {isa = PBXFileReference; fileEncoding = 4; lastKnownFileType = sourcecode.swift; path = TableViewHeaderFooter.swift; sourceTree = "<group>"; };
		9CFA479320B54975004AFD67 /* TableViewController.swift */ = {isa = PBXFileReference; fileEncoding = 4; lastKnownFileType = sourcecode.swift; path = TableViewController.swift; sourceTree = "<group>"; };
		9CFA479420B54975004AFD67 /* View.swift */ = {isa = PBXFileReference; fileEncoding = 4; lastKnownFileType = sourcecode.swift; path = View.swift; sourceTree = "<group>"; };
		9CFA479520B54975004AFD67 /* ViewController.swift */ = {isa = PBXFileReference; fileEncoding = 4; lastKnownFileType = sourcecode.swift; path = ViewController.swift; sourceTree = "<group>"; };
		9CFA479720B54975004AFD67 /* SQLite.swift */ = {isa = PBXFileReference; fileEncoding = 4; lastKnownFileType = sourcecode.swift; path = SQLite.swift; sourceTree = "<group>"; };
		9CFA479820B54975004AFD67 /* SQLiteProtocol.swift */ = {isa = PBXFileReference; fileEncoding = 4; lastKnownFileType = sourcecode.swift; path = SQLiteProtocol.swift; sourceTree = "<group>"; };
		9CFA479B20B54975004AFD67 /* Ex_Array.swift */ = {isa = PBXFileReference; fileEncoding = 4; lastKnownFileType = sourcecode.swift; path = Ex_Array.swift; sourceTree = "<group>"; };
		9CFA479C20B54975004AFD67 /* Ex_Calendar.swift */ = {isa = PBXFileReference; fileEncoding = 4; lastKnownFileType = sourcecode.swift; path = Ex_Calendar.swift; sourceTree = "<group>"; };
		9CFA479D20B54975004AFD67 /* Ex_Date.swift */ = {isa = PBXFileReference; fileEncoding = 4; lastKnownFileType = sourcecode.swift; path = Ex_Date.swift; sourceTree = "<group>"; };
		9CFA479E20B54975004AFD67 /* Ex_DateFormatter.swift */ = {isa = PBXFileReference; fileEncoding = 4; lastKnownFileType = sourcecode.swift; path = Ex_DateFormatter.swift; sourceTree = "<group>"; };
		9CFA479F20B54975004AFD67 /* Ex_IndexPath.swift */ = {isa = PBXFileReference; fileEncoding = 4; lastKnownFileType = sourcecode.swift; path = Ex_IndexPath.swift; sourceTree = "<group>"; };
		9CFA47A020B54975004AFD67 /* Ex_Int.swift */ = {isa = PBXFileReference; fileEncoding = 4; lastKnownFileType = sourcecode.swift; path = Ex_Int.swift; sourceTree = "<group>"; };
		9CFA47A120B54975004AFD67 /* Ex_String.swift */ = {isa = PBXFileReference; fileEncoding = 4; lastKnownFileType = sourcecode.swift; path = Ex_String.swift; sourceTree = "<group>"; };
		9CFA47A320B54975004AFD67 /* Ex_UIColor.swift */ = {isa = PBXFileReference; fileEncoding = 4; lastKnownFileType = sourcecode.swift; path = Ex_UIColor.swift; sourceTree = "<group>"; };
		9CFA47A420B54975004AFD67 /* Ex_UIDevice.swift */ = {isa = PBXFileReference; fileEncoding = 4; lastKnownFileType = sourcecode.swift; path = Ex_UIDevice.swift; sourceTree = "<group>"; };
		9CFA47A520B54975004AFD67 /* Ex_UIImage.swift */ = {isa = PBXFileReference; fileEncoding = 4; lastKnownFileType = sourcecode.swift; path = Ex_UIImage.swift; sourceTree = "<group>"; };
		9CFA47A620B54975004AFD67 /* Ex_UILabel.swift */ = {isa = PBXFileReference; fileEncoding = 4; lastKnownFileType = sourcecode.swift; path = Ex_UILabel.swift; sourceTree = "<group>"; };
		9CFA47A720B54975004AFD67 /* Ex_UIScreen.swift */ = {isa = PBXFileReference; fileEncoding = 4; lastKnownFileType = sourcecode.swift; path = Ex_UIScreen.swift; sourceTree = "<group>"; };
		9CFA47A820B54975004AFD67 /* Ex_UIStoryboardSegue.swift */ = {isa = PBXFileReference; fileEncoding = 4; lastKnownFileType = sourcecode.swift; path = Ex_UIStoryboardSegue.swift; sourceTree = "<group>"; };
		9CFA47A920B54975004AFD67 /* Ex_UITextField.swift */ = {isa = PBXFileReference; fileEncoding = 4; lastKnownFileType = sourcecode.swift; path = Ex_UITextField.swift; sourceTree = "<group>"; };
		9CFA47AA20B54975004AFD67 /* Ex_UITextView.swift */ = {isa = PBXFileReference; fileEncoding = 4; lastKnownFileType = sourcecode.swift; path = Ex_UITextView.swift; sourceTree = "<group>"; };
		9CFA47AD20B54975004AFD67 /* CalendarCell.swift */ = {isa = PBXFileReference; fileEncoding = 4; lastKnownFileType = sourcecode.swift; path = CalendarCell.swift; sourceTree = "<group>"; };
		9CFA47AE20B54975004AFD67 /* CalendarCell.xib */ = {isa = PBXFileReference; fileEncoding = 4; lastKnownFileType = file.xib; path = CalendarCell.xib; sourceTree = "<group>"; };
		9CFA47AF20B54975004AFD67 /* CalendarView.swift */ = {isa = PBXFileReference; fileEncoding = 4; lastKnownFileType = sourcecode.swift; path = CalendarView.swift; sourceTree = "<group>"; };
		9CFA47B020B54975004AFD67 /* CalendarView.xib */ = {isa = PBXFileReference; fileEncoding = 4; lastKnownFileType = file.xib; path = CalendarView.xib; sourceTree = "<group>"; };
		9CFA47B320B54975004AFD67 /* InputTextView.swift */ = {isa = PBXFileReference; fileEncoding = 4; lastKnownFileType = sourcecode.swift; path = InputTextView.swift; sourceTree = "<group>"; };
		9CFA47B420B54975004AFD67 /* InputTextView.xib */ = {isa = PBXFileReference; fileEncoding = 4; lastKnownFileType = file.xib; path = InputTextView.xib; sourceTree = "<group>"; };
		9CFA47B520B54975004AFD67 /* InputView.swift */ = {isa = PBXFileReference; fileEncoding = 4; lastKnownFileType = sourcecode.swift; path = InputView.swift; sourceTree = "<group>"; };
		9CFA47B620B54975004AFD67 /* InputView.xib */ = {isa = PBXFileReference; fileEncoding = 4; lastKnownFileType = file.xib; path = InputView.xib; sourceTree = "<group>"; };
		9CFA47B720B54975004AFD67 /* VarlenaInput.swift */ = {isa = PBXFileReference; fileEncoding = 4; lastKnownFileType = sourcecode.swift; path = VarlenaInput.swift; sourceTree = "<group>"; };
		9CFA47B820B54975004AFD67 /* VarlenaInput.xib */ = {isa = PBXFileReference; fileEncoding = 4; lastKnownFileType = file.xib; path = VarlenaInput.xib; sourceTree = "<group>"; };
		9CFA47BA20B54975004AFD67 /* ProgressView.swift */ = {isa = PBXFileReference; fileEncoding = 4; lastKnownFileType = sourcecode.swift; path = ProgressView.swift; sourceTree = "<group>"; };
		9CFA47BB20B54975004AFD67 /* RoundProgress.swift */ = {isa = PBXFileReference; fileEncoding = 4; lastKnownFileType = sourcecode.swift; path = RoundProgress.swift; sourceTree = "<group>"; };
		9CFA47BD20B54975004AFD67 /* iDateSelector.swift */ = {isa = PBXFileReference; fileEncoding = 4; lastKnownFileType = sourcecode.swift; path = iDateSelector.swift; sourceTree = "<group>"; };
		9CFA47BE20B54975004AFD67 /* iSelector.swift */ = {isa = PBXFileReference; fileEncoding = 4; lastKnownFileType = sourcecode.swift; path = iSelector.swift; sourceTree = "<group>"; };
		9CFA47BF20B54975004AFD67 /* iSelector.xib */ = {isa = PBXFileReference; fileEncoding = 4; lastKnownFileType = file.xib; path = iSelector.xib; sourceTree = "<group>"; };
		9CFA47C120B54975004AFD67 /* KeyValue.swift */ = {isa = PBXFileReference; fileEncoding = 4; lastKnownFileType = sourcecode.swift; path = KeyValue.swift; sourceTree = "<group>"; };
		9CFA47C220B54975004AFD67 /* NibLoable.swift */ = {isa = PBXFileReference; fileEncoding = 4; lastKnownFileType = sourcecode.swift; path = NibLoable.swift; sourceTree = "<group>"; };
		9CFA47C320B54975004AFD67 /* Notifiable.swift */ = {isa = PBXFileReference; fileEncoding = 4; lastKnownFileType = sourcecode.swift; path = Notifiable.swift; sourceTree = "<group>"; };
		9CFA47C420B54975004AFD67 /* Operator.swift */ = {isa = PBXFileReference; fileEncoding = 4; lastKnownFileType = sourcecode.swift; path = Operator.swift; sourceTree = "<group>"; };
		9CFA47F520B54FD9004AFD67 /* Font.swift */ = {isa = PBXFileReference; lastKnownFileType = sourcecode.swift; path = Font.swift; sourceTree = "<group>"; };
		9CFA47F720B55093004AFD67 /* MainController.swift */ = {isa = PBXFileReference; lastKnownFileType = sourcecode.swift; path = MainController.swift; sourceTree = "<group>"; };
		9CFA47F920B557C7004AFD67 /* Format.swift */ = {isa = PBXFileReference; lastKnownFileType = sourcecode.swift; path = Format.swift; sourceTree = "<group>"; };
		9CFA47FF20B55C84004AFD67 /* Habit_SQlite.swift */ = {isa = PBXFileReference; lastKnownFileType = sourcecode.swift; path = Habit_SQlite.swift; sourceTree = "<group>"; };
		9CFA480120B55C8A004AFD67 /* HabitUnit_SQlite.swift */ = {isa = PBXFileReference; lastKnownFileType = sourcecode.swift; path = HabitUnit_SQlite.swift; sourceTree = "<group>"; };
		9CFA480320B55C90004AFD67 /* Event_SQlite.swift */ = {isa = PBXFileReference; lastKnownFileType = sourcecode.swift; path = Event_SQlite.swift; sourceTree = "<group>"; };
		9CFA480520B55C97004AFD67 /* EventUnit_SQlite.swift */ = {isa = PBXFileReference; lastKnownFileType = sourcecode.swift; path = EventUnit_SQlite.swift; sourceTree = "<group>"; };
		9CFA480720B55C9C004AFD67 /* Chart_SQlite.swift */ = {isa = PBXFileReference; lastKnownFileType = sourcecode.swift; path = Chart_SQlite.swift; sourceTree = "<group>"; };
		9CFA480920B55CD5004AFD67 /* ChartUnit_SQlite.swift */ = {isa = PBXFileReference; lastKnownFileType = sourcecode.swift; path = ChartUnit_SQlite.swift; sourceTree = "<group>"; };
		9CFA480B20B55CDB004AFD67 /* Diary_SQlite.swift */ = {isa = PBXFileReference; lastKnownFileType = sourcecode.swift; path = Diary_SQlite.swift; sourceTree = "<group>"; };
		9CFA480D20B55CE3004AFD67 /* DiaryUnit_SQlite.swift */ = {isa = PBXFileReference; lastKnownFileType = sourcecode.swift; path = DiaryUnit_SQlite.swift; sourceTree = "<group>"; };
		9CFA480F20B55CED004AFD67 /* Habit.swift */ = {isa = PBXFileReference; lastKnownFileType = sourcecode.swift; path = Habit.swift; sourceTree = "<group>"; };
		9CFA481120B55CF4004AFD67 /* HabitUnit.swift */ = {isa = PBXFileReference; lastKnownFileType = sourcecode.swift; path = HabitUnit.swift; sourceTree = "<group>"; };
		9CFA481320B55CF9004AFD67 /* Event.swift */ = {isa = PBXFileReference; lastKnownFileType = sourcecode.swift; path = Event.swift; sourceTree = "<group>"; };
		9CFA481520B55D00004AFD67 /* EventUnit.swift */ = {isa = PBXFileReference; lastKnownFileType = sourcecode.swift; path = EventUnit.swift; sourceTree = "<group>"; };
		9CFA481720B55D04004AFD67 /* Chart.swift */ = {isa = PBXFileReference; lastKnownFileType = sourcecode.swift; path = Chart.swift; sourceTree = "<group>"; };
		9CFA481920B55D0A004AFD67 /* ChartUnit.swift */ = {isa = PBXFileReference; lastKnownFileType = sourcecode.swift; path = ChartUnit.swift; sourceTree = "<group>"; };
		9CFA481B20B55D0F004AFD67 /* Diary.swift */ = {isa = PBXFileReference; lastKnownFileType = sourcecode.swift; path = Diary.swift; sourceTree = "<group>"; };
		9CFA481D20B55D16004AFD67 /* DiaryUnit.swift */ = {isa = PBXFileReference; lastKnownFileType = sourcecode.swift; path = DiaryUnit.swift; sourceTree = "<group>"; };
		9CFA481F20B57477004AFD67 /* Resource.swift */ = {isa = PBXFileReference; lastKnownFileType = sourcecode.swift; path = Resource.swift; sourceTree = "<group>"; };
		9CFA482420B579A6004AFD67 /* Keyboard.swift */ = {isa = PBXFileReference; lastKnownFileType = sourcecode.swift; path = Keyboard.swift; sourceTree = "<group>"; };
/* End PBXFileReference section */

/* Begin PBXFrameworksBuildPhase section */
		9CC89F2920B423130095625C /* Frameworks */ = {
			isa = PBXFrameworksBuildPhase;
			buildActionMask = 2147483647;
			files = (
				9CC89F4520B428D80095625C /* libsqlite3.tbd in Frameworks */,
			);
			runOnlyForDeploymentPostprocessing = 0;
		};
/* End PBXFrameworksBuildPhase section */

/* Begin PBXGroup section */
		9C25075E20B6AF6B00EB2D13 /* Controller */ = {
			isa = PBXGroup;
			children = (
				9C25075F20B6AF7A00EB2D13 /* Habit */,
			);
			path = Controller;
			sourceTree = "<group>";
		};
		9C25075F20B6AF7A00EB2D13 /* Habit */ = {
			isa = PBXGroup;
			children = (
				9C25076020B6AF9800EB2D13 /* List */,
				9C25077020B6BBDA00EB2D13 /* Edit */,
				9C86CD5A20BE484F00062853 /* Booth */,
				9C90458C20BF933400263762 /* Unit */,
			);
			path = Habit;
			sourceTree = "<group>";
		};
		9C25076020B6AF9800EB2D13 /* List */ = {
			isa = PBXGroup;
			children = (
				9C25076120B6AFBD00EB2D13 /* HabitList.storyboard */,
				9C25076320B6B0D200EB2D13 /* HabitListController.swift */,
				9C25076720B6B48E00EB2D13 /* HabitListTop.swift */,
				9C25076C20B6B87E00EB2D13 /* HabitListEntry.swift */,
				9C1CA13320CA2F2500F08F57 /* HabitListCollect.swift */,
				9C1CA13520CA2F6B00F08F57 /* HabitListCollectCell.swift */,
			);
			path = List;
			sourceTree = "<group>";
		};
		9C25076920B6B4C500EB2D13 /* Base */ = {
			isa = PBXGroup;
			children = (
				9C25076A20B6B4D600EB2D13 /* TopView.swift */,
			);
			path = Base;
			sourceTree = "<group>";
		};
		9C25077020B6BBDA00EB2D13 /* Edit */ = {
			isa = PBXGroup;
			children = (
				9C25077120B6BBEB00EB2D13 /* HabitEdit.storyboard */,
				9C25077320B6BBFB00EB2D13 /* HabitEditController.swift */,
				9C25077A20B6C1C300EB2D13 /* HabitEditTopCard.swift */,
				9CBC806D20B7FB6400321675 /* HabitEditNameCard.swift */,
				9CBC806F20B801D300321675 /* HabitEditGoalCard.swift */,
				9CCE2D1E20B940DE0038457D /* HabitEditFrequencyCard.swift */,
				9CF51F6F20BD5BFE00D48293 /* HabitEditSpaceCard.swift */,
				9CCE2D2020B94B3F0038457D /* HabitEditMessageCard.swift */,
				9CF51F6820BCFA5300D48293 /* HabitEditUICard.swift */,
				9CCE2D2220BA366A0038457D /* HabitEditMenuCard.swift */,
				9CC3586C20CB82D4006ECEF9 /* Default */,
				9CF51F6A20BD33A400D48293 /* UI */,
			);
			path = Edit;
			sourceTree = "<group>";
		};
		9C25077520B6BCF300EB2D13 /* Card */ = {
			isa = PBXGroup;
			children = (
				9C25077620B6BD1400EB2D13 /* CardBaseView.swift */,
				9CBC806B20B7BCEA00321675 /* CardStandardView.swift */,
				9C1CA12F20C937F400F08F57 /* CardStandardEditView.swift */,
				9C25077820B6BD3400EB2D13 /* CardTopView.swift */,
				9C25077E20B6C7CD00EB2D13 /* CardCalendarView.swift */,
				9CBC806920B7A0A500321675 /* CardMessageView.swift */,
			);
			path = Card;
			sourceTree = "<group>";
		};
		9C25078020B6C94B00EB2D13 /* CollectionView */ = {
			isa = PBXGroup;
			children = (
				9C25078120B6C95C00EB2D13 /* CollectionViewCell.swift */,
				9C77E1C920B70589002CAA25 /* CollectionView.swift */,
			);
			path = CollectionView;
			sourceTree = "<group>";
		};
		9C86CD5A20BE484F00062853 /* Booth */ = {
			isa = PBXGroup;
			children = (
				9C86CD5D20BE486C00062853 /* HabitBooth.storyboard */,
				9C86CD5B20BE486400062853 /* HabitBoothController.swift */,
				9C86CD5F20BE4A1300062853 /* HabitBoothTopCard.swift */,
				9C86CD6120BE4A2800062853 /* HabitBoothCalendarCard.swift */,
				9C86CD6B20BE536A00062853 /* HabitBoothUnitCard.swift */,
				9C86CD6320BE4B8700062853 /* HabitBoothChartCard.swift */,
				9C86CD6520BE4B8E00062853 /* HabitBoothEventCard.swift */,
				9C86CD6720BE4B9700062853 /* HabitBoothDiaryCard.swift */,
				9C86CD6920BE4B9D00062853 /* HabitBoothMenuCard.swift */,
			);
			path = Booth;
			sourceTree = "<group>";
		};
		9C90458C20BF933400263762 /* Unit */ = {
			isa = PBXGroup;
			children = (
				9C90458E20BF936100263762 /* Edit */,
				9C90458D20BF935D00263762 /* List */,
			);
			path = Unit;
			sourceTree = "<group>";
		};
		9C90458D20BF935D00263762 /* List */ = {
			isa = PBXGroup;
			children = (
				9C90458F20BF937900263762 /* HabitUnitList.storyboard */,
				9C90459520BF93B800263762 /* HabitUnitListController.swift */,
				9C9045A120BF95BD00263762 /* HabitUnitListCell.swift */,
				9C4B5CD820C28E5700A2CE31 /* HabitUnitListHeader.swift */,
			);
			path = List;
			sourceTree = "<group>";
		};
		9C90458E20BF936100263762 /* Edit */ = {
			isa = PBXGroup;
			children = (
				9C90459120BF938000263762 /* HabitUnitEdit.storyboard */,
				9C90459320BF93AB00263762 /* HabitUnitEditController.swift */,
				9C90459720BF955800263762 /* HabitUnitEditTopCard.swift */,
				9C90459920BF956D00263762 /* HabitUnitEditCalendarCard.swift */,
				9C90459B20BF958100263762 /* HabitUnitEditTimerCard.swift */,
				9C9045A320BFEF4600263762 /* HabitUnitEditCountCard.swift */,
				9C90459D20BF959000263762 /* HabitUnitEditMessageCard.swift */,
				9C90459F20BF95A100263762 /* HabitUnitEditTypeCard.swift */,
			);
			path = Edit;
			sourceTree = "<group>";
		};
		9CC3586C20CB82D4006ECEF9 /* Default */ = {
			isa = PBXGroup;
			children = (
				9CC3586D20CB82F5006ECEF9 /* HabitEditDefaultController.swift */,
			);
			path = Default;
			sourceTree = "<group>";
		};
		9CC89F2320B423130095625C = {
			isa = PBXGroup;
			children = (
				9CC89F4220B423300095625C /* AppDelegate */,
				9CFA478420B54975004AFD67 /* Codebase */,
				9CC89F2E20B423130095625C /* Days */,
				9CC89F4120B4231F0095625C /* Resources */,
				9CC89F2D20B423130095625C /* Products */,
				9CC89F4320B428D80095625C /* Frameworks */,
			);
			sourceTree = "<group>";
		};
		9CC89F2D20B423130095625C /* Products */ = {
			isa = PBXGroup;
			children = (
				9CC89F2C20B423130095625C /* Days.app */,
			);
			name = Products;
			sourceTree = "<group>";
		};
		9CC89F2E20B423130095625C /* Days */ = {
			isa = PBXGroup;
			children = (
				9CFA482120B578C9004AFD67 /* Views */,
				9CFA478120B5494B004AFD67 /* Profile */,
				9CFA47FB20B55BCC004AFD67 /* Model */,
				9C25075E20B6AF6B00EB2D13 /* Controller */,
			);
			path = Days;
			sourceTree = "<group>";
		};
		9CC89F4120B4231F0095625C /* Resources */ = {
			isa = PBXGroup;
			children = (
				9CC89F3320B423130095625C /* Main.storyboard */,
				9CFA47F720B55093004AFD67 /* MainController.swift */,
				9CC89F3620B423140095625C /* Assets.xcassets */,
				9CC89F3820B423140095625C /* LaunchScreen.storyboard */,
				9CC89F3B20B423140095625C /* Info.plist */,
			);
			path = Resources;
			sourceTree = "<group>";
		};
		9CC89F4220B423300095625C /* AppDelegate */ = {
			isa = PBXGroup;
			children = (
				9CC89F2F20B423130095625C /* AppDelegate.swift */,
			);
			path = AppDelegate;
			sourceTree = "<group>";
		};
		9CC89F4320B428D80095625C /* Frameworks */ = {
			isa = PBXGroup;
			children = (
				9CC89F4420B428D80095625C /* libsqlite3.tbd */,
			);
			name = Frameworks;
			sourceTree = "<group>";
		};
		9CCE2D2420BA40060038457D /* Pop */ = {
			isa = PBXGroup;
			children = (
				9CCE2D2520BA407F0038457D /* Confirm */,
			);
			path = Pop;
			sourceTree = "<group>";
		};
		9CCE2D2520BA407F0038457D /* Confirm */ = {
			isa = PBXGroup;
			children = (
				9CCE2D2620BA40960038457D /* Confirm.swift */,
			);
			path = Confirm;
			sourceTree = "<group>";
		};
		9CF51F6A20BD33A400D48293 /* UI */ = {
			isa = PBXGroup;
			children = (
				9CF51F6B20BD33CD00D48293 /* HabitEditUIController.swift */,
				9CF51F6D20BD33F200D48293 /* HabitEditUICell.swift */,
			);
			path = UI;
			sourceTree = "<group>";
		};
		9CFA478120B5494B004AFD67 /* Profile */ = {
			isa = PBXGroup;
			children = (
				9CFA478220B5495C004AFD67 /* Color.swift */,
				9CFA47F520B54FD9004AFD67 /* Font.swift */,
				9CFA47F920B557C7004AFD67 /* Format.swift */,
				9CFA481F20B57477004AFD67 /* Resource.swift */,
				9C25077C20B6C61B00EB2D13 /* Key.swift */,
				9C86CD5820BE43DC00062853 /* Impact.swift */,
				9CB5B8ED20C69063009FFE5D /* Views.swift */,
				9C1CA13120CA250400F08F57 /* BaseController.swift */,
			);
			path = Profile;
			sourceTree = "<group>";
		};
		9CFA478420B54975004AFD67 /* Codebase */ = {
			isa = PBXGroup;
			children = (
				9CFA478520B54975004AFD67 /* Animation */,
				9CFA478720B54975004AFD67 /* BaseObjects */,
				9CFA479620B54975004AFD67 /* Database */,
				9CFA479920B54975004AFD67 /* Extensions */,
				9CFA47AB20B54975004AFD67 /* Interface */,
				9CFA47C020B54975004AFD67 /* Protocols */,
			);
			name = Codebase;
			path = ../../../Codebase/Codebase;
			sourceTree = "<group>";
		};
		9CFA478520B54975004AFD67 /* Animation */ = {
			isa = PBXGroup;
			children = (
				9CFA478620B54975004AFD67 /* Animation.swift */,
				9C6FA21720CD0BCB00FF2DA9 /* Timer.swift */,
			);
			path = Animation;
			sourceTree = "<group>";
		};
		9CFA478720B54975004AFD67 /* BaseObjects */ = {
			isa = PBXGroup;
			children = (
				9C25078020B6C94B00EB2D13 /* CollectionView */,
				9CFA478F20B54975004AFD67 /* TableView */,
				9CFA478A20B54975004AFD67 /* ScrollView */,
				9CFA478820B54975004AFD67 /* Button.swift */,
				9CFA478920B54975004AFD67 /* ImageView.swift */,
				9CFA479320B54975004AFD67 /* TableViewController.swift */,
				9CFA479420B54975004AFD67 /* View.swift */,
				9CFA479520B54975004AFD67 /* ViewController.swift */,
			);
			path = BaseObjects;
			sourceTree = "<group>";
		};
		9CFA478A20B54975004AFD67 /* ScrollView */ = {
			isa = PBXGroup;
			children = (
				9CFA478B20B54975004AFD67 /* CardSeparator.swift */,
				9CFA478C20B54975004AFD67 /* CardTable.swift */,
				9CFA478D20B54975004AFD67 /* CardView.swift */,
			);
			path = ScrollView;
			sourceTree = "<group>";
		};
		9CFA478F20B54975004AFD67 /* TableView */ = {
			isa = PBXGroup;
			children = (
				9CFA479020B54975004AFD67 /* TableView.swift */,
				9CFA479120B54975004AFD67 /* TableViewCell.swift */,
				9CFA479220B54975004AFD67 /* TableViewHeaderFooter.swift */,
			);
			path = TableView;
			sourceTree = "<group>";
		};
		9CFA479620B54975004AFD67 /* Database */ = {
			isa = PBXGroup;
			children = (
				9CFA479720B54975004AFD67 /* SQLite.swift */,
				9CB5B8EA20C639D5009FFE5D /* SQLiteLogs.swift */,
				9CFA479820B54975004AFD67 /* SQLiteProtocol.swift */,
			);
			path = Database;
			sourceTree = "<group>";
		};
		9CFA479920B54975004AFD67 /* Extensions */ = {
			isa = PBXGroup;
			children = (
				9CFA479A20B54975004AFD67 /* Foundation */,
				9CFA47A220B54975004AFD67 /* UIKit */,
			);
			path = Extensions;
			sourceTree = "<group>";
		};
		9CFA479A20B54975004AFD67 /* Foundation */ = {
			isa = PBXGroup;
			children = (
				9CFA479B20B54975004AFD67 /* Ex_Array.swift */,
				9CFA479C20B54975004AFD67 /* Ex_Calendar.swift */,
				9CFA479D20B54975004AFD67 /* Ex_Date.swift */,
				9CFA479E20B54975004AFD67 /* Ex_DateFormatter.swift */,
				9CFA479F20B54975004AFD67 /* Ex_IndexPath.swift */,
				9CFA47A020B54975004AFD67 /* Ex_Int.swift */,
				9CFA47A120B54975004AFD67 /* Ex_String.swift */,
				9CAF330820D8B2740091DD1A /* Ex_DispatchQueue.swift */,
			);
			path = Foundation;
			sourceTree = "<group>";
		};
		9CFA47A220B54975004AFD67 /* UIKit */ = {
			isa = PBXGroup;
			children = (
				9CFA47A320B54975004AFD67 /* Ex_UIColor.swift */,
				9CFA47A420B54975004AFD67 /* Ex_UIDevice.swift */,
				9CFA47A520B54975004AFD67 /* Ex_UIImage.swift */,
				9CFA47A620B54975004AFD67 /* Ex_UILabel.swift */,
				9CFA47A720B54975004AFD67 /* Ex_UIScreen.swift */,
				9CFA47A820B54975004AFD67 /* Ex_UIStoryboardSegue.swift */,
				9CFA47A920B54975004AFD67 /* Ex_UITextField.swift */,
				9CFA47AA20B54975004AFD67 /* Ex_UITextView.swift */,
			);
			path = UIKit;
			sourceTree = "<group>";
		};
		9CFA47AB20B54975004AFD67 /* Interface */ = {
			isa = PBXGroup;
			children = (
				9CFA47AC20B54975004AFD67 /* Calender */,
				9CFA47B120B54975004AFD67 /* Chart */,
				9CFA47B220B54975004AFD67 /* Input */,
				9CFA47B920B54975004AFD67 /* Progress */,
				9CFA47BC20B54975004AFD67 /* Selector */,
			);
			path = Interface;
			sourceTree = "<group>";
		};
		9CFA47AC20B54975004AFD67 /* Calender */ = {
			isa = PBXGroup;
			children = (
				9CFA47AD20B54975004AFD67 /* CalendarCell.swift */,
				9CFA47AE20B54975004AFD67 /* CalendarCell.xib */,
				9CFA47AF20B54975004AFD67 /* CalendarView.swift */,
				9CFA47B020B54975004AFD67 /* CalendarView.xib */,
			);
			path = Calender;
			sourceTree = "<group>";
		};
		9CFA47B120B54975004AFD67 /* Chart */ = {
			isa = PBXGroup;
			children = (
			);
			path = Chart;
			sourceTree = "<group>";
		};
		9CFA47B220B54975004AFD67 /* Input */ = {
			isa = PBXGroup;
			children = (
				9CFA47B320B54975004AFD67 /* InputTextView.swift */,
				9CFA47B420B54975004AFD67 /* InputTextView.xib */,
				9CFA47B520B54975004AFD67 /* InputView.swift */,
				9CFA47B620B54975004AFD67 /* InputView.xib */,
				9CFA47B720B54975004AFD67 /* VarlenaInput.swift */,
				9CFA47B820B54975004AFD67 /* VarlenaInput.xib */,
			);
			path = Input;
			sourceTree = "<group>";
		};
		9CFA47B920B54975004AFD67 /* Progress */ = {
			isa = PBXGroup;
			children = (
				9CFA47BA20B54975004AFD67 /* ProgressView.swift */,
				9CFA47BB20B54975004AFD67 /* RoundProgress.swift */,
			);
			path = Progress;
			sourceTree = "<group>";
		};
		9CFA47BC20B54975004AFD67 /* Selector */ = {
			isa = PBXGroup;
			children = (
				9CFA47BD20B54975004AFD67 /* iDateSelector.swift */,
				9CFA47BE20B54975004AFD67 /* iSelector.swift */,
				9CFA47BF20B54975004AFD67 /* iSelector.xib */,
			);
			path = Selector;
			sourceTree = "<group>";
		};
		9CFA47C020B54975004AFD67 /* Protocols */ = {
			isa = PBXGroup;
			children = (
				9CFA47C120B54975004AFD67 /* KeyValue.swift */,
				9CFA47C220B54975004AFD67 /* NibLoable.swift */,
				9CFA47C320B54975004AFD67 /* Notifiable.swift */,
				9CFA47C420B54975004AFD67 /* Operator.swift */,
			);
			path = Protocols;
			sourceTree = "<group>";
		};
		9CFA47FB20B55BCC004AFD67 /* Model */ = {
			isa = PBXGroup;
			children = (
				9CFA47FE20B55C62004AFD67 /* Object */,
				9CFA47FC20B55BDB004AFD67 /* SQlite */,
			);
			path = Model;
			sourceTree = "<group>";
		};
		9CFA47FC20B55BDB004AFD67 /* SQlite */ = {
			isa = PBXGroup;
			children = (
				9CFA47FF20B55C84004AFD67 /* Habit_SQlite.swift */,
				9CFA480120B55C8A004AFD67 /* HabitUnit_SQlite.swift */,
				9CFA480320B55C90004AFD67 /* Event_SQlite.swift */,
				9CFA480520B55C97004AFD67 /* EventUnit_SQlite.swift */,
				9CFA480720B55C9C004AFD67 /* Chart_SQlite.swift */,
				9CFA480920B55CD5004AFD67 /* ChartUnit_SQlite.swift */,
				9CFA480B20B55CDB004AFD67 /* Diary_SQlite.swift */,
				9CFA480D20B55CE3004AFD67 /* DiaryUnit_SQlite.swift */,
			);
			path = SQlite;
			sourceTree = "<group>";
		};
		9CFA47FE20B55C62004AFD67 /* Object */ = {
			isa = PBXGroup;
			children = (
				9CFA480F20B55CED004AFD67 /* Habit.swift */,
				9CFA481120B55CF4004AFD67 /* HabitUnit.swift */,
				9CFA481320B55CF9004AFD67 /* Event.swift */,
				9CFA481520B55D00004AFD67 /* EventUnit.swift */,
				9CFA481720B55D04004AFD67 /* Chart.swift */,
				9CFA481920B55D0A004AFD67 /* ChartUnit.swift */,
				9CFA481B20B55D0F004AFD67 /* Diary.swift */,
				9CFA481D20B55D16004AFD67 /* DiaryUnit.swift */,
			);
			path = Object;
			sourceTree = "<group>";
		};
		9CFA482120B578C9004AFD67 /* Views */ = {
			isa = PBXGroup;
			children = (
				9C25077520B6BCF300EB2D13 /* Card */,
				9C25076920B6B4C500EB2D13 /* Base */,
				9CFA482220B578D7004AFD67 /* Push */,
			);
			path = Views;
			sourceTree = "<group>";
		};
		9CFA482220B578D7004AFD67 /* Push */ = {
			isa = PBXGroup;
			children = (
				9CCE2D2820BA40B00038457D /* PushView.swift */,
				9CCE2D2420BA40060038457D /* Pop */,
				9CFA482320B578DD004AFD67 /* Keyboard */,
			);
			path = Push;
			sourceTree = "<group>";
		};
		9CFA482320B578DD004AFD67 /* Keyboard */ = {
			isa = PBXGroup;
			children = (
				9CFA482420B579A6004AFD67 /* Keyboard.swift */,
				9C77E1C720B5A752002CAA25 /* KeyboardDate.swift */,
				9C210B1020B6630300C17D35 /* KeyboardTime.swift */,
			);
			path = Keyboard;
			sourceTree = "<group>";
		};
/* End PBXGroup section */

/* Begin PBXNativeTarget section */
		9CC89F2B20B423130095625C /* Days */ = {
			isa = PBXNativeTarget;
			buildConfigurationList = 9CC89F3E20B423140095625C /* Build configuration list for PBXNativeTarget "Days" */;
			buildPhases = (
				9CC89F2820B423130095625C /* Sources */,
				9CC89F2920B423130095625C /* Frameworks */,
				9CC89F2A20B423130095625C /* Resources */,
			);
			buildRules = (
			);
			dependencies = (
			);
			name = Days;
			productName = Days;
			productReference = 9CC89F2C20B423130095625C /* Days.app */;
			productType = "com.apple.product-type.application";
		};
/* End PBXNativeTarget section */

/* Begin PBXProject section */
		9CC89F2420B423130095625C /* Project object */ = {
			isa = PBXProject;
			attributes = {
				LastSwiftUpdateCheck = 0930;
				LastUpgradeCheck = 0930;
				ORGANIZATIONNAME = Myron;
				TargetAttributes = {
					9CC89F2B20B423130095625C = {
						CreatedOnToolsVersion = 9.3;
					};
				};
			};
			buildConfigurationList = 9CC89F2720B423130095625C /* Build configuration list for PBXProject "Days" */;
			compatibilityVersion = "Xcode 9.3";
			developmentRegion = en;
			hasScannedForEncodings = 0;
			knownRegions = (
				en,
				Base,
			);
			mainGroup = 9CC89F2320B423130095625C;
			productRefGroup = 9CC89F2D20B423130095625C /* Products */;
			projectDirPath = "";
			projectRoot = "";
			targets = (
				9CC89F2B20B423130095625C /* Days */,
			);
		};
/* End PBXProject section */

/* Begin PBXResourcesBuildPhase section */
		9CC89F2A20B423130095625C /* Resources */ = {
			isa = PBXResourcesBuildPhase;
			buildActionMask = 2147483647;
			files = (
				9CC89F3A20B423140095625C /* LaunchScreen.storyboard in Resources */,
				9C25077220B6BBEB00EB2D13 /* HabitEdit.storyboard in Resources */,
				9CC89F3720B423140095625C /* Assets.xcassets in Resources */,
				9CFA47F020B54975004AFD67 /* iSelector.xib in Resources */,
				9CFA47EB20B54975004AFD67 /* VarlenaInput.xib in Resources */,
				9C86CD5E20BE486C00062853 /* HabitBooth.storyboard in Resources */,
				9C90459020BF937900263762 /* HabitUnitList.storyboard in Resources */,
				9CFA47E520B54975004AFD67 /* CalendarView.xib in Resources */,
				9CC89F3520B423130095625C /* Main.storyboard in Resources */,
				9C90459220BF938000263762 /* HabitUnitEdit.storyboard in Resources */,
				9CFA47E720B54975004AFD67 /* InputTextView.xib in Resources */,
				9C25076220B6AFBD00EB2D13 /* HabitList.storyboard in Resources */,
				9CFA47E320B54975004AFD67 /* CalendarCell.xib in Resources */,
				9CFA47E920B54975004AFD67 /* InputView.xib in Resources */,
			);
			runOnlyForDeploymentPostprocessing = 0;
		};
/* End PBXResourcesBuildPhase section */

/* Begin PBXSourcesBuildPhase section */
		9CC89F2820B423130095625C /* Sources */ = {
			isa = PBXSourcesBuildPhase;
			buildActionMask = 2147483647;
			files = (
				9C25077420B6BBFB00EB2D13 /* HabitEditController.swift in Sources */,
				9C25076420B6B0D200EB2D13 /* HabitListController.swift in Sources */,
				9CB5B8EB20C639D6009FFE5D /* SQLiteLogs.swift in Sources */,
				9CFA47D320B54975004AFD67 /* Ex_Array.swift in Sources */,
				9CBC806E20B7FB6400321675 /* HabitEditNameCard.swift in Sources */,
				9CFA47CF20B54975004AFD67 /* View.swift in Sources */,
				9C25076B20B6B4D600EB2D13 /* TopView.swift in Sources */,
				9CFA47EA20B54975004AFD67 /* VarlenaInput.swift in Sources */,
				9C25076820B6B48E00EB2D13 /* HabitListTop.swift in Sources */,
				9CBC806C20B7BCEA00321675 /* CardStandardView.swift in Sources */,
				9CFA480A20B55CD5004AFD67 /* ChartUnit_SQlite.swift in Sources */,
				9CFA47DE20B54975004AFD67 /* Ex_UIScreen.swift in Sources */,
				9CF51F7020BD5BFE00D48293 /* HabitEditSpaceCard.swift in Sources */,
				9CFA481C20B55D0F004AFD67 /* Diary.swift in Sources */,
				9C90459A20BF956D00263762 /* HabitUnitEditCalendarCard.swift in Sources */,
				9C25078220B6C95C00EB2D13 /* CollectionViewCell.swift in Sources */,
				9CCE2D2720BA40960038457D /* Confirm.swift in Sources */,
				9CFA47D820B54975004AFD67 /* Ex_Int.swift in Sources */,
				9C90459E20BF959000263762 /* HabitUnitEditMessageCard.swift in Sources */,
				9CFA47F420B54975004AFD67 /* Operator.swift in Sources */,
				9C6FA21820CD0BCB00FF2DA9 /* Timer.swift in Sources */,
				9CFA480020B55C84004AFD67 /* Habit_SQlite.swift in Sources */,
				9C25077B20B6C1C300EB2D13 /* HabitEditTopCard.swift in Sources */,
				9CFA47D420B54975004AFD67 /* Ex_Calendar.swift in Sources */,
				9C77E1C820B5A752002CAA25 /* KeyboardDate.swift in Sources */,
				9CFA47DA20B54975004AFD67 /* Ex_UIColor.swift in Sources */,
				9C90459620BF93B800263762 /* HabitUnitListController.swift in Sources */,
				9C25077F20B6C7CD00EB2D13 /* CardCalendarView.swift in Sources */,
				9CFA47E620B54975004AFD67 /* InputTextView.swift in Sources */,
				9C4B5CD920C28E5700A2CE31 /* HabitUnitListHeader.swift in Sources */,
				9CAF330920D8B2740091DD1A /* Ex_DispatchQueue.swift in Sources */,
				9C9045A020BF95A100263762 /* HabitUnitEditTypeCard.swift in Sources */,
				9CFA47D120B54975004AFD67 /* SQLite.swift in Sources */,
				9CCE2D2120B94B3F0038457D /* HabitEditMessageCard.swift in Sources */,
				9CFA47E220B54975004AFD67 /* CalendarCell.swift in Sources */,
				9CFA47E120B54975004AFD67 /* Ex_UITextView.swift in Sources */,
				9CFA47DB20B54975004AFD67 /* Ex_UIDevice.swift in Sources */,
				9CFA47D720B54975004AFD67 /* Ex_IndexPath.swift in Sources */,
				9CFA47C920B54975004AFD67 /* CardTable.swift in Sources */,
				9CFA47F120B54975004AFD67 /* KeyValue.swift in Sources */,
				9CBC806A20B7A0A500321675 /* CardMessageView.swift in Sources */,
				9C9045A220BF95BD00263762 /* HabitUnitListCell.swift in Sources */,
				9C90459420BF93AB00263762 /* HabitUnitEditController.swift in Sources */,
				9CFA47E020B54975004AFD67 /* Ex_UITextField.swift in Sources */,
				9CFA47D220B54975004AFD67 /* SQLiteProtocol.swift in Sources */,
				9CFA481820B55D04004AFD67 /* Chart.swift in Sources */,
				9C25077D20B6C61B00EB2D13 /* Key.swift in Sources */,
				9CF51F6920BCFA5300D48293 /* HabitEditUICard.swift in Sources */,
				9CFA47DC20B54975004AFD67 /* Ex_UIImage.swift in Sources */,
				9C90459820BF955800263762 /* HabitUnitEditTopCard.swift in Sources */,
				9C86CD6620BE4B8F00062853 /* HabitBoothEventCard.swift in Sources */,
				9CBC807020B801D300321675 /* HabitEditGoalCard.swift in Sources */,
				9C86CD6020BE4A1300062853 /* HabitBoothTopCard.swift in Sources */,
				9CFA480820B55C9C004AFD67 /* Chart_SQlite.swift in Sources */,
				9CFA47EC20B54975004AFD67 /* ProgressView.swift in Sources */,
				9CFA480C20B55CDB004AFD67 /* Diary_SQlite.swift in Sources */,
				9C1CA13220CA250400F08F57 /* BaseController.swift in Sources */,
				9C25077720B6BD1400EB2D13 /* CardBaseView.swift in Sources */,
				9CFA480220B55C8A004AFD67 /* HabitUnit_SQlite.swift in Sources */,
				9CFA47D920B54975004AFD67 /* Ex_String.swift in Sources */,
				9CFA47DD20B54975004AFD67 /* Ex_UILabel.swift in Sources */,
				9CFA481A20B55D0A004AFD67 /* ChartUnit.swift in Sources */,
				9CFA47F820B55093004AFD67 /* MainController.swift in Sources */,
				9CFA481E20B55D16004AFD67 /* DiaryUnit.swift in Sources */,
				9CFA47E420B54975004AFD67 /* CalendarView.swift in Sources */,
				9CFA480620B55C97004AFD67 /* EventUnit_SQlite.swift in Sources */,
				9C86CD6C20BE536A00062853 /* HabitBoothUnitCard.swift in Sources */,
				9C77E1CA20B70589002CAA25 /* CollectionView.swift in Sources */,
				9CFA47F320B54975004AFD67 /* Notifiable.swift in Sources */,
				9CFA47FA20B557C7004AFD67 /* Format.swift in Sources */,
				9CFA47C720B54975004AFD67 /* ImageView.swift in Sources */,
				9CC89F3020B423130095625C /* AppDelegate.swift in Sources */,
				9CFA47D020B54975004AFD67 /* ViewController.swift in Sources */,
				9CFA47E820B54975004AFD67 /* InputView.swift in Sources */,
				9C1CA13620CA2F6B00F08F57 /* HabitListCollectCell.swift in Sources */,
				9CFA47ED20B54975004AFD67 /* RoundProgress.swift in Sources */,
				9C86CD6820BE4B9700062853 /* HabitBoothDiaryCard.swift in Sources */,
				9CFA47C520B54975004AFD67 /* Animation.swift in Sources */,
				9CFA481020B55CED004AFD67 /* Habit.swift in Sources */,
				9CFA47CD20B54975004AFD67 /* TableViewHeaderFooter.swift in Sources */,
				9CCE2D2920BA40B00038457D /* PushView.swift in Sources */,
				9CFA47EF20B54975004AFD67 /* iSelector.swift in Sources */,
				9CFA481220B55CF4004AFD67 /* HabitUnit.swift in Sources */,
				9C86CD6A20BE4B9D00062853 /* HabitBoothMenuCard.swift in Sources */,
				9CCE2D2320BA366A0038457D /* HabitEditMenuCard.swift in Sources */,
				9CFA47F620B54FD9004AFD67 /* Font.swift in Sources */,
				9CFA47F220B54975004AFD67 /* NibLoable.swift in Sources */,
				9C1CA13420CA2F2500F08F57 /* HabitListCollect.swift in Sources */,
				9C210B1120B6630300C17D35 /* KeyboardTime.swift in Sources */,
				9CFA480420B55C90004AFD67 /* Event_SQlite.swift in Sources */,
				9CFA482020B57477004AFD67 /* Resource.swift in Sources */,
				9CFA47CB20B54975004AFD67 /* TableView.swift in Sources */,
				9CB5B8EE20C69063009FFE5D /* Views.swift in Sources */,
				9C86CD6220BE4A2800062853 /* HabitBoothCalendarCard.swift in Sources */,
				9CFA47CC20B54975004AFD67 /* TableViewCell.swift in Sources */,
				9C9045A420BFEF4600263762 /* HabitUnitEditCountCard.swift in Sources */,
				9CFA47D520B54975004AFD67 /* Ex_Date.swift in Sources */,
				9CFA481420B55CF9004AFD67 /* Event.swift in Sources */,
				9CFA481620B55D00004AFD67 /* EventUnit.swift in Sources */,
				9C90459C20BF958100263762 /* HabitUnitEditTimerCard.swift in Sources */,
				9CFA47CE20B54975004AFD67 /* TableViewController.swift in Sources */,
				9CC3586E20CB82F5006ECEF9 /* HabitEditDefaultController.swift in Sources */,
				9CF51F6C20BD33CD00D48293 /* HabitEditUIController.swift in Sources */,
				9C86CD5C20BE486400062853 /* HabitBoothController.swift in Sources */,
				9CFA480E20B55CE3004AFD67 /* DiaryUnit_SQlite.swift in Sources */,
				9CFA482520B579A6004AFD67 /* Keyboard.swift in Sources */,
				9CF51F6E20BD33F200D48293 /* HabitEditUICell.swift in Sources */,
				9CFA47D620B54975004AFD67 /* Ex_DateFormatter.swift in Sources */,
				9CFA47C820B54975004AFD67 /* CardSeparator.swift in Sources */,
				9C86CD5920BE43DC00062853 /* Impact.swift in Sources */,
				9C1CA13020C937F400F08F57 /* CardStandardEditView.swift in Sources */,
				9C25077920B6BD3400EB2D13 /* CardTopView.swift in Sources */,
				9CFA47DF20B54975004AFD67 /* Ex_UIStoryboardSegue.swift in Sources */,
				9CFA478320B5495C004AFD67 /* Color.swift in Sources */,
				9CFA47CA20B54975004AFD67 /* CardView.swift in Sources */,
				9C25076D20B6B87E00EB2D13 /* HabitListEntry.swift in Sources */,
				9CFA47EE20B54975004AFD67 /* iDateSelector.swift in Sources */,
				9CFA47C620B54975004AFD67 /* Button.swift in Sources */,
				9C86CD6420BE4B8700062853 /* HabitBoothChartCard.swift in Sources */,
				9CCE2D1F20B940DE0038457D /* HabitEditFrequencyCard.swift in Sources */,
			);
			runOnlyForDeploymentPostprocessing = 0;
		};
/* End PBXSourcesBuildPhase section */

/* Begin PBXVariantGroup section */
		9CC89F3320B423130095625C /* Main.storyboard */ = {
			isa = PBXVariantGroup;
			children = (
				9CC89F3420B423130095625C /* Base */,
			);
			name = Main.storyboard;
			sourceTree = "<group>";
		};
		9CC89F3820B423140095625C /* LaunchScreen.storyboard */ = {
			isa = PBXVariantGroup;
			children = (
				9CC89F3920B423140095625C /* Base */,
			);
			name = LaunchScreen.storyboard;
			sourceTree = "<group>";
		};
/* End PBXVariantGroup section */

/* Begin XCBuildConfiguration section */
		9CC89F3C20B423140095625C /* Debug */ = {
			isa = XCBuildConfiguration;
			buildSettings = {
				ALWAYS_SEARCH_USER_PATHS = NO;
				CLANG_ANALYZER_NONNULL = YES;
				CLANG_ANALYZER_NUMBER_OBJECT_CONVERSION = YES_AGGRESSIVE;
				CLANG_CXX_LANGUAGE_STANDARD = "gnu++14";
				CLANG_CXX_LIBRARY = "libc++";
				CLANG_ENABLE_MODULES = YES;
				CLANG_ENABLE_OBJC_ARC = YES;
				CLANG_ENABLE_OBJC_WEAK = YES;
				CLANG_WARN_BLOCK_CAPTURE_AUTORELEASING = YES;
				CLANG_WARN_BOOL_CONVERSION = YES;
				CLANG_WARN_COMMA = YES;
				CLANG_WARN_CONSTANT_CONVERSION = YES;
				CLANG_WARN_DEPRECATED_OBJC_IMPLEMENTATIONS = YES;
				CLANG_WARN_DIRECT_OBJC_ISA_USAGE = YES_ERROR;
				CLANG_WARN_DOCUMENTATION_COMMENTS = YES;
				CLANG_WARN_EMPTY_BODY = YES;
				CLANG_WARN_ENUM_CONVERSION = YES;
				CLANG_WARN_INFINITE_RECURSION = YES;
				CLANG_WARN_INT_CONVERSION = YES;
				CLANG_WARN_NON_LITERAL_NULL_CONVERSION = YES;
				CLANG_WARN_OBJC_IMPLICIT_RETAIN_SELF = YES;
				CLANG_WARN_OBJC_LITERAL_CONVERSION = YES;
				CLANG_WARN_OBJC_ROOT_CLASS = YES_ERROR;
				CLANG_WARN_RANGE_LOOP_ANALYSIS = YES;
				CLANG_WARN_STRICT_PROTOTYPES = YES;
				CLANG_WARN_SUSPICIOUS_MOVE = YES;
				CLANG_WARN_UNGUARDED_AVAILABILITY = YES_AGGRESSIVE;
				CLANG_WARN_UNREACHABLE_CODE = YES;
				CLANG_WARN__DUPLICATE_METHOD_MATCH = YES;
				CODE_SIGN_IDENTITY = "iPhone Developer";
				COPY_PHASE_STRIP = NO;
				DEBUG_INFORMATION_FORMAT = dwarf;
				ENABLE_STRICT_OBJC_MSGSEND = YES;
				ENABLE_TESTABILITY = YES;
				GCC_C_LANGUAGE_STANDARD = gnu11;
				GCC_DYNAMIC_NO_PIC = NO;
				GCC_NO_COMMON_BLOCKS = YES;
				GCC_OPTIMIZATION_LEVEL = 0;
				GCC_PREPROCESSOR_DEFINITIONS = (
					"DEBUG=1",
					"$(inherited)",
				);
				GCC_WARN_64_TO_32_BIT_CONVERSION = YES;
				GCC_WARN_ABOUT_RETURN_TYPE = YES_ERROR;
				GCC_WARN_UNDECLARED_SELECTOR = YES;
				GCC_WARN_UNINITIALIZED_AUTOS = YES_AGGRESSIVE;
				GCC_WARN_UNUSED_FUNCTION = YES;
				GCC_WARN_UNUSED_VARIABLE = YES;
				IPHONEOS_DEPLOYMENT_TARGET = 11.3;
				MTL_ENABLE_DEBUG_INFO = YES;
				ONLY_ACTIVE_ARCH = YES;
				SDKROOT = iphoneos;
				SWIFT_ACTIVE_COMPILATION_CONDITIONS = DEBUG;
				SWIFT_OPTIMIZATION_LEVEL = "-Onone";
			};
			name = Debug;
		};
		9CC89F3D20B423140095625C /* Release */ = {
			isa = XCBuildConfiguration;
			buildSettings = {
				ALWAYS_SEARCH_USER_PATHS = NO;
				CLANG_ANALYZER_NONNULL = YES;
				CLANG_ANALYZER_NUMBER_OBJECT_CONVERSION = YES_AGGRESSIVE;
				CLANG_CXX_LANGUAGE_STANDARD = "gnu++14";
				CLANG_CXX_LIBRARY = "libc++";
				CLANG_ENABLE_MODULES = YES;
				CLANG_ENABLE_OBJC_ARC = YES;
				CLANG_ENABLE_OBJC_WEAK = YES;
				CLANG_WARN_BLOCK_CAPTURE_AUTORELEASING = YES;
				CLANG_WARN_BOOL_CONVERSION = YES;
				CLANG_WARN_COMMA = YES;
				CLANG_WARN_CONSTANT_CONVERSION = YES;
				CLANG_WARN_DEPRECATED_OBJC_IMPLEMENTATIONS = YES;
				CLANG_WARN_DIRECT_OBJC_ISA_USAGE = YES_ERROR;
				CLANG_WARN_DOCUMENTATION_COMMENTS = YES;
				CLANG_WARN_EMPTY_BODY = YES;
				CLANG_WARN_ENUM_CONVERSION = YES;
				CLANG_WARN_INFINITE_RECURSION = YES;
				CLANG_WARN_INT_CONVERSION = YES;
				CLANG_WARN_NON_LITERAL_NULL_CONVERSION = YES;
				CLANG_WARN_OBJC_IMPLICIT_RETAIN_SELF = YES;
				CLANG_WARN_OBJC_LITERAL_CONVERSION = YES;
				CLANG_WARN_OBJC_ROOT_CLASS = YES_ERROR;
				CLANG_WARN_RANGE_LOOP_ANALYSIS = YES;
				CLANG_WARN_STRICT_PROTOTYPES = YES;
				CLANG_WARN_SUSPICIOUS_MOVE = YES;
				CLANG_WARN_UNGUARDED_AVAILABILITY = YES_AGGRESSIVE;
				CLANG_WARN_UNREACHABLE_CODE = YES;
				CLANG_WARN__DUPLICATE_METHOD_MATCH = YES;
				CODE_SIGN_IDENTITY = "iPhone Developer";
				COPY_PHASE_STRIP = NO;
				DEBUG_INFORMATION_FORMAT = "dwarf-with-dsym";
				ENABLE_NS_ASSERTIONS = NO;
				ENABLE_STRICT_OBJC_MSGSEND = YES;
				GCC_C_LANGUAGE_STANDARD = gnu11;
				GCC_NO_COMMON_BLOCKS = YES;
				GCC_WARN_64_TO_32_BIT_CONVERSION = YES;
				GCC_WARN_ABOUT_RETURN_TYPE = YES_ERROR;
				GCC_WARN_UNDECLARED_SELECTOR = YES;
				GCC_WARN_UNINITIALIZED_AUTOS = YES_AGGRESSIVE;
				GCC_WARN_UNUSED_FUNCTION = YES;
				GCC_WARN_UNUSED_VARIABLE = YES;
				IPHONEOS_DEPLOYMENT_TARGET = 11.3;
				MTL_ENABLE_DEBUG_INFO = NO;
				SDKROOT = iphoneos;
				SWIFT_COMPILATION_MODE = wholemodule;
				SWIFT_OPTIMIZATION_LEVEL = "-O";
				VALIDATE_PRODUCT = YES;
			};
			name = Release;
		};
		9CC89F3F20B423140095625C /* Debug */ = {
			isa = XCBuildConfiguration;
			buildSettings = {
				ASSETCATALOG_COMPILER_APPICON_NAME = AppIcon;
				CODE_SIGN_STYLE = Automatic;
				DEVELOPMENT_TEAM = 8BBKEKP879;
				INFOPLIST_FILE = "$(SRCROOT)/Resources/Info.plist";
				IPHONEOS_DEPLOYMENT_TARGET = 10.0;
				LD_RUNPATH_SEARCH_PATHS = (
					"$(inherited)",
					"@executable_path/Frameworks",
				);
				PRODUCT_BUNDLE_IDENTIFIER = App.Myron.Days.Test;
				PRODUCT_NAME = "$(TARGET_NAME)";
				SWIFT_VERSION = 4.0;
				TARGETED_DEVICE_FAMILY = "1,2";
			};
			name = Debug;
		};
		9CC89F4020B423140095625C /* Release */ = {
			isa = XCBuildConfiguration;
			buildSettings = {
				ASSETCATALOG_COMPILER_APPICON_NAME = AppIcon;
				CODE_SIGN_STYLE = Automatic;
				DEVELOPMENT_TEAM = 8BBKEKP879;
				INFOPLIST_FILE = "$(SRCROOT)/Resources/Info.plist";
				IPHONEOS_DEPLOYMENT_TARGET = 10.0;
				LD_RUNPATH_SEARCH_PATHS = (
					"$(inherited)",
					"@executable_path/Frameworks",
				);
				PRODUCT_BUNDLE_IDENTIFIER = App.Myron.Days.Test;
				PRODUCT_NAME = "$(TARGET_NAME)";
				SWIFT_VERSION = 4.0;
				TARGETED_DEVICE_FAMILY = "1,2";
			};
			name = Release;
		};
/* End XCBuildConfiguration section */

/* Begin XCConfigurationList section */
		9CC89F2720B423130095625C /* Build configuration list for PBXProject "Days" */ = {
			isa = XCConfigurationList;
			buildConfigurations = (
				9CC89F3C20B423140095625C /* Debug */,
				9CC89F3D20B423140095625C /* Release */,
			);
			defaultConfigurationIsVisible = 0;
			defaultConfigurationName = Release;
		};
		9CC89F3E20B423140095625C /* Build configuration list for PBXNativeTarget "Days" */ = {
			isa = XCConfigurationList;
			buildConfigurations = (
				9CC89F3F20B423140095625C /* Debug */,
				9CC89F4020B423140095625C /* Release */,
			);
			defaultConfigurationIsVisible = 0;
			defaultConfigurationName = Release;
		};
/* End XCConfigurationList section */
	};
	rootObject = 9CC89F2420B423130095625C /* Project object */;
}
